// !$*UTF8*$!
{
	archiveVersion = 1;
	classes = {
	};
	objectVersion = 46;
	objects = {

/* Begin PBXBuildFile section */
		D4C08FE51D74FA1C004F5EDA /* AppDelegate.swift in Sources */ = {isa = PBXBuildFile; fileRef = D4C08FE41D74FA1C004F5EDA /* AppDelegate.swift */; };
		D4C08FE71D74FA1C004F5EDA /* ViewController.swift in Sources */ = {isa = PBXBuildFile; fileRef = D4C08FE61D74FA1C004F5EDA /* ViewController.swift */; };
		D4C08FEA1D74FA1C004F5EDA /* Main.storyboard in Resources */ = {isa = PBXBuildFile; fileRef = D4C08FE81D74FA1C004F5EDA /* Main.storyboard */; };
		D4C08FEC1D74FA1C004F5EDA /* Assets.xcassets in Resources */ = {isa = PBXBuildFile; fileRef = D4C08FEB1D74FA1C004F5EDA /* Assets.xcassets */; };
		D4C08FEF1D74FA1C004F5EDA /* LaunchScreen.storyboard in Resources */ = {isa = PBXBuildFile; fileRef = D4C08FED1D74FA1C004F5EDA /* LaunchScreen.storyboard */; };
/* End PBXBuildFile section */

/* Begin PBXFileReference section */
		D4C08FE11D74FA1C004F5EDA /* 录音.app */ = {isa = PBXFileReference; explicitFileType = wrapper.application; includeInIndex = 0; path = "录音.app"; sourceTree = BUILT_PRODUCTS_DIR; };
		D4C08FE41D74FA1C004F5EDA /* AppDelegate.swift */ = {isa = PBXFileReference; lastKnownFileType = sourcecode.swift; path = AppDelegate.swift; sourceTree = "<group>"; };
		D4C08FE61D74FA1C004F5EDA /* ViewController.swift */ = {isa = PBXFileReference; lastKnownFileType = sourcecode.swift; path = ViewController.swift; sourceTree = "<group>"; };
		D4C08FE91D74FA1C004F5EDA /* Base */ = {isa = PBXFileReference; lastKnownFileType = file.storyboard; name = Base; path = Base.lproj/Main.storyboard; sourceTree = "<group>"; };
		D4C08FEB1D74FA1C004F5EDA /* Assets.xcassets */ = {isa = PBXFileReference; lastKnownFileType = folder.assetcatalog; path = Assets.xcassets; sourceTree = "<group>"; };
		D4C08FEE1D74FA1C004F5EDA /* Base */ = {isa = PBXFileReference; lastKnownFileType = file.storyboard; name = Base; path = Base.lproj/LaunchScreen.storyboard; sourceTree = "<group>"; };
		D4C08FF01D74FA1C004F5EDA /* Info.plist */ = {isa = PBXFileReference; lastKnownFileType = text.plist.xml; path = Info.plist; sourceTree = "<group>"; };
/* End PBXFileReference section */

/* Begin PBXFrameworksBuildPhase section */
		D4C08FDE1D74FA1C004F5EDA /* Frameworks */ = {
			isa = PBXFrameworksBuildPhase;
			buildActionMask = 2147483647;
			files = (
			);
			runOnlyForDeploymentPostprocessing = 0;
		};
/* End PBXFrameworksBuildPhase section */

/* Begin PBXGroup section */
		D4C08FD81D74FA1C004F5EDA = {
			isa = PBXGroup;
			children = (
				D4C08FE31D74FA1C004F5EDA /* 录音 */,
				D4C08FE21D74FA1C004F5EDA /* Products */,
			);
			sourceTree = "<group>";
		};
		D4C08FE21D74FA1C004F5EDA /* Products */ = {
			isa = PBXGroup;
			children = (
				D4C08FE11D74FA1C004F5EDA /* 录音.app */,
			);
			name = Products;
			sourceTree = "<group>";
		};
		D4C08FE31D74FA1C004F5EDA /* 录音 */ = {
			isa = PBXGroup;
			children = (
				D4C08FE41D74FA1C004F5EDA /* AppDelegate.swift */,
				D4C08FE61D74FA1C004F5EDA /* ViewController.swift */,
				D4C08FE81D74FA1C004F5EDA /* Main.storyboard */,
				D4C08FEB1D74FA1C004F5EDA /* Assets.xcassets */,
				D4C08FED1D74FA1C004F5EDA /* LaunchScreen.storyboard */,
				D4C08FF01D74FA1C004F5EDA /* Info.plist */,
			);
			path = "录音";
			sourceTree = "<group>";
		};
/* End PBXGroup section */

/* Begin PBXNativeTarget section */
		D4C08FE01D74FA1C004F5EDA /* 录音 */ = {
			isa = PBXNativeTarget;
			buildConfigurationList = D4C08FF31D74FA1C004F5EDA /* Build configuration list for PBXNativeTarget "录音" */;
			buildPhases = (
				D4C08FDD1D74FA1C004F5EDA /* Sources */,
				D4C08FDE1D74FA1C004F5EDA /* Frameworks */,
				D4C08FDF1D74FA1C004F5EDA /* Resources */,
			);
			buildRules = (
			);
			dependencies = (
			);
			name = "录音";
			productName = "录音";
			productReference = D4C08FE11D74FA1C004F5EDA /* 录音.app */;
			productType = "com.apple.product-type.application";
		};
/* End PBXNativeTarget section */

/* Begin PBXProject section */
		D4C08FD91D74FA1C004F5EDA /* Project object */ = {
			isa = PBXProject;
			attributes = {
				LastSwiftUpdateCheck = 0730;
				LastUpgradeCheck = 0730;
				ORGANIZATIONNAME = "Lei Zhao";
				TargetAttributes = {
					D4C08FE01D74FA1C004F5EDA = {
						CreatedOnToolsVersion = 7.3.1;
						DevelopmentTeam = U3G53LBLG6;
					};
				};
			};
			buildConfigurationList = D4C08FDC1D74FA1C004F5EDA /* Build configuration list for PBXProject "录音" */;
			compatibilityVersion = "Xcode 3.2";
			developmentRegion = English;
			hasScannedForEncodings = 0;
			knownRegions = (
				en,
				Base,
			);
			mainGroup = D4C08FD81D74FA1C004F5EDA;
			productRefGroup = D4C08FE21D74FA1C004F5EDA /* Products */;
			projectDirPath = "";
			projectRoot = "";
			targets = (
				D4C08FE01D74FA1C004F5EDA /* 录音 */,
			);
		};
/* End PBXProject section */

/* Begin PBXResourcesBuildPhase section */
		D4C08FDF1D74FA1C004F5EDA /* Resources */ = {
			isa = PBXResourcesBuildPhase;
			buildActionMask = 2147483647;
			files = (
				D4C08FEF1D74FA1C004F5EDA /* LaunchScreen.storyboard in Resources */,
				D4C08FEC1D74FA1C004F5EDA /* Assets.xcassets in Resources */,
				D4C08FEA1D74FA1C004F5EDA /* Main.storyboard in Resources */,
			);
			runOnlyForDeploymentPostprocessing = 0;
		};
/* End PBXResourcesBuildPhase section */

/* Begin PBXSourcesBuildPhase section */
		D4C08FDD1D74FA1C004F5EDA /* Sources */ = {
			isa = PBXSourcesBuildPhase;
			buildActionMask = 2147483647;
			files = (
				D4C08FE71D74FA1C004F5EDA /* ViewController.swift in Sources */,
				D4C08FE51D74FA1C004F5EDA /* AppDelegate.swift in Sources */,
			);
			runOnlyForDeploymentPostprocessing = 0;
		};
/* End PBXSourcesBuildPhase section */

/* Begin PBXVariantGroup section */
		D4C08FE81D74FA1C004F5EDA /* Main.storyboard */ = {
			isa = PBXVariantGroup;
			children = (
				D4C08FE91D74FA1C004F5EDA /* Base */,
			);
			name = Main.storyboard;
			sourceTree = "<group>";
		};
		D4C08FED1D74FA1C004F5EDA /* LaunchScreen.storyboard */ = {
			isa = PBXVariantGroup;
			children = (
				D4C08FEE1D74FA1C004F5EDA /* Base */,
			);
			name = LaunchScreen.storyboard;
			sourceTree = "<group>";
		};
/* End PBXVariantGroup section */

/* Begin XCBuildConfiguration section */
		D4C08FF11D74FA1C004F5EDA /* Debug */ = {
			isa = XCBuildConfiguration;
			buildSettings = {
				ALWAYS_SEARCH_USER_PATHS = NO;
				CLANG_ANALYZER_NONNULL = YES;
				CLANG_CXX_LANGUAGE_STANDARD = "gnu++0x";
				CLANG_CXX_LIBRARY = "libc++";
				CLANG_ENABLE_MODULES = YES;
				CLANG_ENABLE_OBJC_ARC = YES;
				CLANG_WARN_BOOL_CONVERSION = YES;
				CLANG_WARN_CONSTANT_CONVERSION = YES;
				CLANG_WARN_DIRECT_OBJC_ISA_USAGE = YES_ERROR;
				CLANG_WARN_EMPTY_BODY = YES;
				CLANG_WARN_ENUM_CONVERSION = YES;
				CLANG_WARN_INT_CONVERSION = YES;
				CLANG_WARN_OBJC_ROOT_CLASS = YES_ERROR;
				CLANG_WARN_UNREACHABLE_CODE = YES;
				CLANG_WARN__DUPLICATE_METHOD_MATCH = YES;
				"CODE_SIGN_IDENTITY[sdk=iphoneos*]" = "iPhone Developer";
				COPY_PHASE_STRIP = NO;
				DEBUG_INFORMATION_FORMAT = dwarf;
				ENABLE_STRICT_OBJC_MSGSEND = YES;
				ENABLE_TESTABILITY = YES;
				GCC_C_LANGUAGE_STANDARD = gnu99;
				GCC_DYNAMIC_NO_PIC = NO;
				GCC_NO_COMMON_BLOCKS = YES;
				GCC_OPTIMIZATION_LEVEL = 0;
				GCC_PREPROCESSOR_DEFINITIONS = (
					"DEBUG=1",
					"$(inherited)",
				);
				GCC_WARN_64_TO_32_BIT_CONVERSION = YES;
				GCC_WARN_ABOUT_RETURN_TYPE = YES_ERROR;
				GCC_WARN_UNDECLARED_SELECTOR = YES;
				GCC_WARN_UNINITIALIZED_AUTOS = YES_AGGRESSIVE;
				GCC_WARN_UNUSED_FUNCTION = YES;
				GCC_WARN_UNUSED_VARIABLE = YES;
				IPHONEOS_DEPLOYMENT_TARGET = 9.3;
				MTL_ENABLE_DEBUG_INFO = YES;
				ONLY_ACTIVE_ARCH = YES;
				SDKROOT = iphoneos;
				SWIFT_OPTIMIZATION_LEVEL = "-Onone";
				TARGETED_DEVICE_FAMILY = "1,2";
			};
			name = Debug;
		};
		D4C08FF21D74FA1C004F5EDA /* Release */ = {
			isa = XCBuildConfiguration;
			buildSettings = {
				ALWAYS_SEARCH_USER_PATHS = NO;
				CLANG_ANALYZER_NONNULL = YES;
				CLANG_CXX_LANGUAGE_STANDARD = "gnu++0x";
				CLANG_CXX_LIBRARY = "libc++";
				CLANG_ENABLE_MODULES = YES;
				CLANG_ENABLE_OBJC_ARC = YES;
				CLANG_WARN_BOOL_CONVERSION = YES;
				CLANG_WARN_CONSTANT_CONVERSION = YES;
				CLANG_WARN_DIRECT_OBJC_ISA_USAGE = YES_ERROR;
				CLANG_WARN_EMPTY_BODY = YES;
				CLANG_WARN_ENUM_CONVERSION = YES;
				CLANG_WARN_INT_CONVERSION = YES;
				CLANG_WARN_OBJC_ROOT_CLASS = YES_ERROR;
				CLANG_WARN_UNREACHABLE_CODE = YES;
				CLANG_WARN__DUPLICATE_METHOD_MATCH = YES;
				"CODE_SIGN_IDENTITY[sdk=iphoneos*]" = "iPhone Developer";
				COPY_PHASE_STRIP = NO;
				DEBUG_INFORMATION_FORMAT = "dwarf-with-dsym";
				ENABLE_NS_ASSERTIONS = NO;
				ENABLE_STRICT_OBJC_MSGSEND = YES;
				GCC_C_LANGUAGE_STANDARD = gnu99;
				GCC_NO_COMMON_BLOCKS = YES;
				GCC_WARN_64_TO_32_BIT_CONVERSION = YES;
				GCC_WARN_ABOUT_RETURN_TYPE = YES_ERROR;
				GCC_WARN_UNDECLARED_SELECTOR = YES;
				GCC_WARN_UNINITIALIZED_AUTOS = YES_AGGRESSIVE;
				GCC_WARN_UNUSED_FUNCTION = YES;
				GCC_WARN_UNUSED_VARIABLE = YES;
				IPHONEOS_DEPLOYMENT_TARGET = 9.3;
				MTL_ENABLE_DEBUG_INFO = NO;
				SDKROOT = iphoneos;
				TARGETED_DEVICE_FAMILY = "1,2";
				VALIDATE_PRODUCT = YES;
			};
			name = Release;
		};
		D4C08FF41D74FA1C004F5EDA /* Debug */ = {
			isa = XCBuildConfiguration;
			buildSettings = {
				ASSETCATALOG_COMPILER_APPICON_NAME = AppIcon;
				CODE_SIGN_IDENTITY = "iPhone Developer";
				"CODE_SIGN_IDENTITY[sdk=iphoneos*]" = "iPhone Developer";
				INFOPLIST_FILE = "录音/Info.plist";
				LD_RUNPATH_SEARCH_PATHS = "$(inherited) @executable_path/Frameworks";
				PRODUCT_BUNDLE_IDENTIFIER = "lzhao.exercise.--";
				PRODUCT_NAME = "$(TARGET_NAME)";
				PROVISIONING_PROFILE = "";
			};
			name = Debug;
		};
		D4C08FF51D74FA1C004F5EDA /* Release */ = {
			isa = XCBuildConfiguration;
			buildSettings = {
				ASSETCATALOG_COMPILER_APPICON_NAME = AppIcon;
				CODE_SIGN_IDENTITY = "iPhone Developer";
				"CODE_SIGN_IDENTITY[sdk=iphoneos*]" = "iPhone Developer";
				INFOPLIST_FILE = "录音/Info.plist";
				LD_RUNPATH_SEARCH_PATHS = "$(inherited) @executable_path/Frameworks";
				PRODUCT_BUNDLE_IDENTIFIER = "lzhao.exercise.--";
				PRODUCT_NAME = "$(TARGET_NAME)";
				PROVISIONING_PROFILE = "";
			};
			name = Release;
		};
/* End XCBuildConfiguration section */

/* Begin XCConfigurationList section */
		D4C08FDC1D74FA1C004F5EDA /* Build configuration list for PBXProject "录音" */ = {
			isa = XCConfigurationList;
			buildConfigurations = (
				D4C08FF11D74FA1C004F5EDA /* Debug */,
				D4C08FF21D74FA1C004F5EDA /* Release */,
			);
			defaultConfigurationIsVisible = 0;
			defaultConfigurationName = Release;
		};
		D4C08FF31D74FA1C004F5EDA /* Build configuration list for PBXNativeTarget "录音" */ = {
			isa = XCConfigurationList;
			buildConfigurations = (
				D4C08FF41D74FA1C004F5EDA /* Debug */,
				D4C08FF51D74FA1C004F5EDA /* Release */,
			);
			defaultConfigurationIsVisible = 0;
		};
/* End XCConfigurationList section */
	};
	rootObject = D4C08FD91D74FA1C004F5EDA /* Project object */;
}
