// !$*UTF8*$!
{
	archiveVersion = 1;
	classes = {
	};
	objectVersion = 46;
	objects = {

/* Begin PBXBuildFile section */
		D437147F1D6BB7E700065E0E /* AppDelegate.swift in Sources */ = {isa = PBXBuildFile; fileRef = D437147E1D6BB7E700065E0E /* AppDelegate.swift */; };
		D43714811D6BB7E700065E0E /* ViewController.swift in Sources */ = {isa = PBXBuildFile; fileRef = D43714801D6BB7E700065E0E /* ViewController.swift */; };
		D43714841D6BB7E700065E0E /* Main.storyboard in Resources */ = {isa = PBXBuildFile; fileRef = D43714821D6BB7E700065E0E /* Main.storyboard */; };
		D43714861D6BB7E700065E0E /* Assets.xcassets in Resources */ = {isa = PBXBuildFile; fileRef = D43714851D6BB7E700065E0E /* Assets.xcassets */; };
		D43714891D6BB7E700065E0E /* LaunchScreen.storyboard in Resources */ = {isa = PBXBuildFile; fileRef = D43714871D6BB7E700065E0E /* LaunchScreen.storyboard */; };
/* End PBXBuildFile section */

/* Begin PBXFileReference section */
		D437147B1D6BB7E700065E0E /* MapView的基本使用.app */ = {isa = PBXFileReference; explicitFileType = wrapper.application; includeInIndex = 0; path = "MapView的基本使用.app"; sourceTree = BUILT_PRODUCTS_DIR; };
		D437147E1D6BB7E700065E0E /* AppDelegate.swift */ = {isa = PBXFileReference; lastKnownFileType = sourcecode.swift; path = AppDelegate.swift; sourceTree = "<group>"; };
		D43714801D6BB7E700065E0E /* ViewController.swift */ = {isa = PBXFileReference; lastKnownFileType = sourcecode.swift; path = ViewController.swift; sourceTree = "<group>"; };
		D43714831D6BB7E700065E0E /* Base */ = {isa = PBXFileReference; lastKnownFileType = file.storyboard; name = Base; path = Base.lproj/Main.storyboard; sourceTree = "<group>"; };
		D43714851D6BB7E700065E0E /* Assets.xcassets */ = {isa = PBXFileReference; lastKnownFileType = folder.assetcatalog; path = Assets.xcassets; sourceTree = "<group>"; };
		D43714881D6BB7E700065E0E /* Base */ = {isa = PBXFileReference; lastKnownFileType = file.storyboard; name = Base; path = Base.lproj/LaunchScreen.storyboard; sourceTree = "<group>"; };
		D437148A1D6BB7E700065E0E /* Info.plist */ = {isa = PBXFileReference; lastKnownFileType = text.plist.xml; path = Info.plist; sourceTree = "<group>"; };
/* End PBXFileReference section */

/* Begin PBXFrameworksBuildPhase section */
		D43714781D6BB7E700065E0E /* Frameworks */ = {
			isa = PBXFrameworksBuildPhase;
			buildActionMask = 2147483647;
			files = (
			);
			runOnlyForDeploymentPostprocessing = 0;
		};
/* End PBXFrameworksBuildPhase section */

/* Begin PBXGroup section */
		D43714721D6BB7E700065E0E = {
			isa = PBXGroup;
			children = (
				D437147D1D6BB7E700065E0E /* MapView的基本使用 */,
				D437147C1D6BB7E700065E0E /* Products */,
			);
			sourceTree = "<group>";
		};
		D437147C1D6BB7E700065E0E /* Products */ = {
			isa = PBXGroup;
			children = (
				D437147B1D6BB7E700065E0E /* MapView的基本使用.app */,
			);
			name = Products;
			sourceTree = "<group>";
		};
		D437147D1D6BB7E700065E0E /* MapView的基本使用 */ = {
			isa = PBXGroup;
			children = (
				D437147E1D6BB7E700065E0E /* AppDelegate.swift */,
				D43714801D6BB7E700065E0E /* ViewController.swift */,
				D43714821D6BB7E700065E0E /* Main.storyboard */,
				D43714851D6BB7E700065E0E /* Assets.xcassets */,
				D43714871D6BB7E700065E0E /* LaunchScreen.storyboard */,
				D437148A1D6BB7E700065E0E /* Info.plist */,
			);
			path = "MapView的基本使用";
			sourceTree = "<group>";
		};
/* End PBXGroup section */

/* Begin PBXNativeTarget section */
		D437147A1D6BB7E700065E0E /* MapView的基本使用 */ = {
			isa = PBXNativeTarget;
			buildConfigurationList = D437148D1D6BB7E700065E0E /* Build configuration list for PBXNativeTarget "MapView的基本使用" */;
			buildPhases = (
				D43714771D6BB7E700065E0E /* Sources */,
				D43714781D6BB7E700065E0E /* Frameworks */,
				D43714791D6BB7E700065E0E /* Resources */,
			);
			buildRules = (
			);
			dependencies = (
			);
			name = "MapView的基本使用";
			productName = "MapView的基本使用";
			productReference = D437147B1D6BB7E700065E0E /* MapView的基本使用.app */;
			productType = "com.apple.product-type.application";
		};
/* End PBXNativeTarget section */

/* Begin PBXProject section */
		D43714731D6BB7E700065E0E /* Project object */ = {
			isa = PBXProject;
			attributes = {
				LastSwiftUpdateCheck = 0730;
				LastUpgradeCheck = 0730;
				ORGANIZATIONNAME = "Lei Zhao";
				TargetAttributes = {
					D437147A1D6BB7E700065E0E = {
						CreatedOnToolsVersion = 7.3.1;
						DevelopmentTeam = U3G53LBLG6;
					};
				};
			};
			buildConfigurationList = D43714761D6BB7E700065E0E /* Build configuration list for PBXProject "MapView的基本使用" */;
			compatibilityVersion = "Xcode 3.2";
			developmentRegion = English;
			hasScannedForEncodings = 0;
			knownRegions = (
				en,
				Base,
			);
			mainGroup = D43714721D6BB7E700065E0E;
			productRefGroup = D437147C1D6BB7E700065E0E /* Products */;
			projectDirPath = "";
			projectRoot = "";
			targets = (
				D437147A1D6BB7E700065E0E /* MapView的基本使用 */,
			);
		};
/* End PBXProject section */

/* Begin PBXResourcesBuildPhase section */
		D43714791D6BB7E700065E0E /* Resources */ = {
			isa = PBXResourcesBuildPhase;
			buildActionMask = 2147483647;
			files = (
				D43714891D6BB7E700065E0E /* LaunchScreen.storyboard in Resources */,
				D43714861D6BB7E700065E0E /* Assets.xcassets in Resources */,
				D43714841D6BB7E700065E0E /* Main.storyboard in Resources */,
			);
			runOnlyForDeploymentPostprocessing = 0;
		};
/* End PBXResourcesBuildPhase section */

/* Begin PBXSourcesBuildPhase section */
		D43714771D6BB7E700065E0E /* Sources */ = {
			isa = PBXSourcesBuildPhase;
			buildActionMask = 2147483647;
			files = (
				D43714811D6BB7E700065E0E /* ViewController.swift in Sources */,
				D437147F1D6BB7E700065E0E /* AppDelegate.swift in Sources */,
			);
			runOnlyForDeploymentPostprocessing = 0;
		};
/* End PBXSourcesBuildPhase section */

/* Begin PBXVariantGroup section */
		D43714821D6BB7E700065E0E /* Main.storyboard */ = {
			isa = PBXVariantGroup;
			children = (
				D43714831D6BB7E700065E0E /* Base */,
			);
			name = Main.storyboard;
			sourceTree = "<group>";
		};
		D43714871D6BB7E700065E0E /* LaunchScreen.storyboard */ = {
			isa = PBXVariantGroup;
			children = (
				D43714881D6BB7E700065E0E /* Base */,
			);
			name = LaunchScreen.storyboard;
			sourceTree = "<group>";
		};
/* End PBXVariantGroup section */

/* Begin XCBuildConfiguration section */
		D437148B1D6BB7E700065E0E /* Debug */ = {
			isa = XCBuildConfiguration;
			buildSettings = {
				ALWAYS_SEARCH_USER_PATHS = NO;
				CLANG_ANALYZER_NONNULL = YES;
				CLANG_CXX_LANGUAGE_STANDARD = "gnu++0x";
				CLANG_CXX_LIBRARY = "libc++";
				CLANG_ENABLE_MODULES = YES;
				CLANG_ENABLE_OBJC_ARC = YES;
				CLANG_WARN_BOOL_CONVERSION = YES;
				CLANG_WARN_CONSTANT_CONVERSION = YES;
				CLANG_WARN_DIRECT_OBJC_ISA_USAGE = YES_ERROR;
				CLANG_WARN_EMPTY_BODY = YES;
				CLANG_WARN_ENUM_CONVERSION = YES;
				CLANG_WARN_INT_CONVERSION = YES;
				CLANG_WARN_OBJC_ROOT_CLASS = YES_ERROR;
				CLANG_WARN_UNREACHABLE_CODE = YES;
				CLANG_WARN__DUPLICATE_METHOD_MATCH = YES;
				"CODE_SIGN_IDENTITY[sdk=iphoneos*]" = "iPhone Developer";
				COPY_PHASE_STRIP = NO;
				DEBUG_INFORMATION_FORMAT = dwarf;
				ENABLE_STRICT_OBJC_MSGSEND = YES;
				ENABLE_TESTABILITY = YES;
				GCC_C_LANGUAGE_STANDARD = gnu99;
				GCC_DYNAMIC_NO_PIC = NO;
				GCC_NO_COMMON_BLOCKS = YES;
				GCC_OPTIMIZATION_LEVEL = 0;
				GCC_PREPROCESSOR_DEFINITIONS = (
					"DEBUG=1",
					"$(inherited)",
				);
				GCC_WARN_64_TO_32_BIT_CONVERSION = YES;
				GCC_WARN_ABOUT_RETURN_TYPE = YES_ERROR;
				GCC_WARN_UNDECLARED_SELECTOR = YES;
				GCC_WARN_UNINITIALIZED_AUTOS = YES_AGGRESSIVE;
				GCC_WARN_UNUSED_FUNCTION = YES;
				GCC_WARN_UNUSED_VARIABLE = YES;
				IPHONEOS_DEPLOYMENT_TARGET = 9.3;
				MTL_ENABLE_DEBUG_INFO = YES;
				ONLY_ACTIVE_ARCH = YES;
				SDKROOT = iphoneos;
				SWIFT_OPTIMIZATION_LEVEL = "-Onone";
				TARGETED_DEVICE_FAMILY = "1,2";
			};
			name = Debug;
		};
		D437148C1D6BB7E700065E0E /* Release */ = {
			isa = XCBuildConfiguration;
			buildSettings = {
				ALWAYS_SEARCH_USER_PATHS = NO;
				CLANG_ANALYZER_NONNULL = YES;
				CLANG_CXX_LANGUAGE_STANDARD = "gnu++0x";
				CLANG_CXX_LIBRARY = "libc++";
				CLANG_ENABLE_MODULES = YES;
				CLANG_ENABLE_OBJC_ARC = YES;
				CLANG_WARN_BOOL_CONVERSION = YES;
				CLANG_WARN_CONSTANT_CONVERSION = YES;
				CLANG_WARN_DIRECT_OBJC_ISA_USAGE = YES_ERROR;
				CLANG_WARN_EMPTY_BODY = YES;
				CLANG_WARN_ENUM_CONVERSION = YES;
				CLANG_WARN_INT_CONVERSION = YES;
				CLANG_WARN_OBJC_ROOT_CLASS = YES_ERROR;
				CLANG_WARN_UNREACHABLE_CODE = YES;
				CLANG_WARN__DUPLICATE_METHOD_MATCH = YES;
				"CODE_SIGN_IDENTITY[sdk=iphoneos*]" = "iPhone Developer";
				COPY_PHASE_STRIP = NO;
				DEBUG_INFORMATION_FORMAT = "dwarf-with-dsym";
				ENABLE_NS_ASSERTIONS = NO;
				ENABLE_STRICT_OBJC_MSGSEND = YES;
				GCC_C_LANGUAGE_STANDARD = gnu99;
				GCC_NO_COMMON_BLOCKS = YES;
				GCC_WARN_64_TO_32_BIT_CONVERSION = YES;
				GCC_WARN_ABOUT_RETURN_TYPE = YES_ERROR;
				GCC_WARN_UNDECLARED_SELECTOR = YES;
				GCC_WARN_UNINITIALIZED_AUTOS = YES_AGGRESSIVE;
				GCC_WARN_UNUSED_FUNCTION = YES;
				GCC_WARN_UNUSED_VARIABLE = YES;
				IPHONEOS_DEPLOYMENT_TARGET = 9.3;
				MTL_ENABLE_DEBUG_INFO = NO;
				SDKROOT = iphoneos;
				TARGETED_DEVICE_FAMILY = "1,2";
				VALIDATE_PRODUCT = YES;
			};
			name = Release;
		};
		D437148E1D6BB7E700065E0E /* Debug */ = {
			isa = XCBuildConfiguration;
			buildSettings = {
				ASSETCATALOG_COMPILER_APPICON_NAME = AppIcon;
				CODE_SIGN_IDENTITY = "iPhone Developer";
				"CODE_SIGN_IDENTITY[sdk=iphoneos*]" = "iPhone Developer";
				INFOPLIST_FILE = "MapView的基本使用/Info.plist";
				IPHONEOS_DEPLOYMENT_TARGET = 7.0;
				LD_RUNPATH_SEARCH_PATHS = "$(inherited) @executable_path/Frameworks";
				PRODUCT_BUNDLE_IDENTIFIER = "lzhao.exercise.MapView-----";
				PRODUCT_NAME = "$(TARGET_NAME)";
				PROVISIONING_PROFILE = "";
			};
			name = Debug;
		};
		D437148F1D6BB7E700065E0E /* Release */ = {
			isa = XCBuildConfiguration;
			buildSettings = {
				ASSETCATALOG_COMPILER_APPICON_NAME = AppIcon;
				CODE_SIGN_IDENTITY = "iPhone Developer";
				"CODE_SIGN_IDENTITY[sdk=iphoneos*]" = "iPhone Developer";
				INFOPLIST_FILE = "MapView的基本使用/Info.plist";
				IPHONEOS_DEPLOYMENT_TARGET = 7.0;
				LD_RUNPATH_SEARCH_PATHS = "$(inherited) @executable_path/Frameworks";
				PRODUCT_BUNDLE_IDENTIFIER = "lzhao.exercise.MapView-----";
				PRODUCT_NAME = "$(TARGET_NAME)";
				PROVISIONING_PROFILE = "";
			};
			name = Release;
		};
/* End XCBuildConfiguration section */

/* Begin XCConfigurationList section */
		D43714761D6BB7E700065E0E /* Build configuration list for PBXProject "MapView的基本使用" */ = {
			isa = XCConfigurationList;
			buildConfigurations = (
				D437148B1D6BB7E700065E0E /* Debug */,
				D437148C1D6BB7E700065E0E /* Release */,
			);
			defaultConfigurationIsVisible = 0;
			defaultConfigurationName = Release;
		};
		D437148D1D6BB7E700065E0E /* Build configuration list for PBXNativeTarget "MapView的基本使用" */ = {
			isa = XCConfigurationList;
			buildConfigurations = (
				D437148E1D6BB7E700065E0E /* Debug */,
				D437148F1D6BB7E700065E0E /* Release */,
			);
			defaultConfigurationIsVisible = 0;
		};
/* End XCConfigurationList section */
	};
	rootObject = D43714731D6BB7E700065E0E /* Project object */;
}
