// !$*UTF8*$!
{
	archiveVersion = 1;
	classes = {
	};
	objectVersion = 46;
	objects = {

/* Begin PBXBuildFile section */
		D45C23001D407B4600781EA4 /* messages.plist in Resources */ = {isa = PBXBuildFile; fileRef = D45C22FF1D407B4600781EA4 /* messages.plist */; };
		D45C23021D407B8900781EA4 /* QQModel.swift in Sources */ = {isa = PBXBuildFile; fileRef = D45C23011D407B8900781EA4 /* QQModel.swift */; };
		D45C23091D408F3600781EA4 /* Util.swift in Sources */ = {isa = PBXBuildFile; fileRef = D45C23081D408F3600781EA4 /* Util.swift */; };
		D45C23111D40911400781EA4 /* QQCell.swift in Sources */ = {isa = PBXBuildFile; fileRef = D45C23101D40911400781EA4 /* QQCell.swift */; };
		D4DFB2281D40432A00580851 /* AppDelegate.swift in Sources */ = {isa = PBXBuildFile; fileRef = D4DFB2271D40432A00580851 /* AppDelegate.swift */; };
		D4DFB22A1D40432A00580851 /* ViewController.swift in Sources */ = {isa = PBXBuildFile; fileRef = D4DFB2291D40432A00580851 /* ViewController.swift */; };
		D4DFB22D1D40432A00580851 /* Main.storyboard in Resources */ = {isa = PBXBuildFile; fileRef = D4DFB22B1D40432A00580851 /* Main.storyboard */; };
		D4DFB22F1D40432A00580851 /* Assets.xcassets in Resources */ = {isa = PBXBuildFile; fileRef = D4DFB22E1D40432A00580851 /* Assets.xcassets */; };
		D4DFB2321D40432A00580851 /* LaunchScreen.storyboard in Resources */ = {isa = PBXBuildFile; fileRef = D4DFB2301D40432A00580851 /* LaunchScreen.storyboard */; };
/* End PBXBuildFile section */

/* Begin PBXFileReference section */
		D45C22FF1D407B4600781EA4 /* messages.plist */ = {isa = PBXFileReference; fileEncoding = 4; lastKnownFileType = text.plist.xml; path = messages.plist; sourceTree = "<group>"; };
		D45C23011D407B8900781EA4 /* QQModel.swift */ = {isa = PBXFileReference; fileEncoding = 4; lastKnownFileType = sourcecode.swift; path = QQModel.swift; sourceTree = "<group>"; };
		D45C23081D408F3600781EA4 /* Util.swift */ = {isa = PBXFileReference; fileEncoding = 4; lastKnownFileType = sourcecode.swift; path = Util.swift; sourceTree = "<group>"; };
		D45C23101D40911400781EA4 /* QQCell.swift */ = {isa = PBXFileReference; fileEncoding = 4; lastKnownFileType = sourcecode.swift; path = QQCell.swift; sourceTree = "<group>"; };
		D4DFB2241D40432A00580851 /* QQ聊天界面.app */ = {isa = PBXFileReference; explicitFileType = wrapper.application; includeInIndex = 0; path = "QQ聊天界面.app"; sourceTree = BUILT_PRODUCTS_DIR; };
		D4DFB2271D40432A00580851 /* AppDelegate.swift */ = {isa = PBXFileReference; lastKnownFileType = sourcecode.swift; path = AppDelegate.swift; sourceTree = "<group>"; };
		D4DFB2291D40432A00580851 /* ViewController.swift */ = {isa = PBXFileReference; lastKnownFileType = sourcecode.swift; path = ViewController.swift; sourceTree = "<group>"; };
		D4DFB22C1D40432A00580851 /* Base */ = {isa = PBXFileReference; lastKnownFileType = file.storyboard; name = Base; path = Base.lproj/Main.storyboard; sourceTree = "<group>"; };
		D4DFB22E1D40432A00580851 /* Assets.xcassets */ = {isa = PBXFileReference; lastKnownFileType = folder.assetcatalog; path = Assets.xcassets; sourceTree = "<group>"; };
		D4DFB2311D40432A00580851 /* Base */ = {isa = PBXFileReference; lastKnownFileType = file.storyboard; name = Base; path = Base.lproj/LaunchScreen.storyboard; sourceTree = "<group>"; };
		D4DFB2331D40432A00580851 /* Info.plist */ = {isa = PBXFileReference; lastKnownFileType = text.plist.xml; path = Info.plist; sourceTree = "<group>"; };
/* End PBXFileReference section */

/* Begin PBXFrameworksBuildPhase section */
		D4DFB2211D40432A00580851 /* Frameworks */ = {
			isa = PBXFrameworksBuildPhase;
			buildActionMask = 2147483647;
			files = (
			);
			runOnlyForDeploymentPostprocessing = 0;
		};
/* End PBXFrameworksBuildPhase section */

/* Begin PBXGroup section */
		D45C23031D40836D00781EA4 /* Model */ = {
			isa = PBXGroup;
			children = (
				D45C23011D407B8900781EA4 /* QQModel.swift */,
			);
			name = Model;
			sourceTree = "<group>";
		};
		D45C230C1D40909100781EA4 /* View */ = {
			isa = PBXGroup;
			children = (
				D45C23101D40911400781EA4 /* QQCell.swift */,
			);
			name = View;
			sourceTree = "<group>";
		};
		D45C230D1D4090B300781EA4 /* Controller */ = {
			isa = PBXGroup;
			children = (
				D4DFB2291D40432A00580851 /* ViewController.swift */,
			);
			name = Controller;
			sourceTree = "<group>";
		};
		D45C230E1D4090C600781EA4 /* Other */ = {
			isa = PBXGroup;
			children = (
				D45C23081D408F3600781EA4 /* Util.swift */,
				D4DFB2271D40432A00580851 /* AppDelegate.swift */,
			);
			name = Other;
			sourceTree = "<group>";
		};
		D45C230F1D4090D600781EA4 /* Resource */ = {
			isa = PBXGroup;
			children = (
				D4DFB22B1D40432A00580851 /* Main.storyboard */,
				D4DFB22E1D40432A00580851 /* Assets.xcassets */,
				D4DFB2301D40432A00580851 /* LaunchScreen.storyboard */,
				D45C22FF1D407B4600781EA4 /* messages.plist */,
				D4DFB2331D40432A00580851 /* Info.plist */,
			);
			name = Resource;
			sourceTree = "<group>";
		};
		D4DFB21B1D40432A00580851 = {
			isa = PBXGroup;
			children = (
				D4DFB2261D40432A00580851 /* QQ聊天界面 */,
				D4DFB2251D40432A00580851 /* Products */,
			);
			sourceTree = "<group>";
		};
		D4DFB2251D40432A00580851 /* Products */ = {
			isa = PBXGroup;
			children = (
				D4DFB2241D40432A00580851 /* QQ聊天界面.app */,
			);
			name = Products;
			sourceTree = "<group>";
		};
		D4DFB2261D40432A00580851 /* QQ聊天界面 */ = {
			isa = PBXGroup;
			children = (
				D45C23031D40836D00781EA4 /* Model */,
				D45C230C1D40909100781EA4 /* View */,
				D45C230D1D4090B300781EA4 /* Controller */,
				D45C230E1D4090C600781EA4 /* Other */,
				D45C230F1D4090D600781EA4 /* Resource */,
			);
			path = "QQ聊天界面";
			sourceTree = "<group>";
		};
/* End PBXGroup section */

/* Begin PBXNativeTarget section */
		D4DFB2231D40432A00580851 /* QQ聊天界面 */ = {
			isa = PBXNativeTarget;
			buildConfigurationList = D4DFB2361D40432A00580851 /* Build configuration list for PBXNativeTarget "QQ聊天界面" */;
			buildPhases = (
				D4DFB2201D40432A00580851 /* Sources */,
				D4DFB2211D40432A00580851 /* Frameworks */,
				D4DFB2221D40432A00580851 /* Resources */,
			);
			buildRules = (
			);
			dependencies = (
			);
			name = "QQ聊天界面";
			productName = "QQ聊天界面";
			productReference = D4DFB2241D40432A00580851 /* QQ聊天界面.app */;
			productType = "com.apple.product-type.application";
		};
/* End PBXNativeTarget section */

/* Begin PBXProject section */
		D4DFB21C1D40432A00580851 /* Project object */ = {
			isa = PBXProject;
			attributes = {
				CLASSPREFIX = QQ;
				LastSwiftUpdateCheck = 0730;
				LastUpgradeCheck = 0730;
				ORGANIZATIONNAME = "Lei Zhao";
				TargetAttributes = {
					D4DFB2231D40432A00580851 = {
						CreatedOnToolsVersion = 7.3.1;
						DevelopmentTeam = ZQNTYXCS7L;
					};
				};
			};
			buildConfigurationList = D4DFB21F1D40432A00580851 /* Build configuration list for PBXProject "QQ聊天界面" */;
			compatibilityVersion = "Xcode 3.2";
			developmentRegion = English;
			hasScannedForEncodings = 0;
			knownRegions = (
				en,
				Base,
			);
			mainGroup = D4DFB21B1D40432A00580851;
			productRefGroup = D4DFB2251D40432A00580851 /* Products */;
			projectDirPath = "";
			projectRoot = "";
			targets = (
				D4DFB2231D40432A00580851 /* QQ聊天界面 */,
			);
		};
/* End PBXProject section */

/* Begin PBXResourcesBuildPhase section */
		D4DFB2221D40432A00580851 /* Resources */ = {
			isa = PBXResourcesBuildPhase;
			buildActionMask = 2147483647;
			files = (
				D45C23001D407B4600781EA4 /* messages.plist in Resources */,
				D4DFB2321D40432A00580851 /* LaunchScreen.storyboard in Resources */,
				D4DFB22F1D40432A00580851 /* Assets.xcassets in Resources */,
				D4DFB22D1D40432A00580851 /* Main.storyboard in Resources */,
			);
			runOnlyForDeploymentPostprocessing = 0;
		};
/* End PBXResourcesBuildPhase section */

/* Begin PBXSourcesBuildPhase section */
		D4DFB2201D40432A00580851 /* Sources */ = {
			isa = PBXSourcesBuildPhase;
			buildActionMask = 2147483647;
			files = (
				D45C23111D40911400781EA4 /* QQCell.swift in Sources */,
				D45C23021D407B8900781EA4 /* QQModel.swift in Sources */,
				D4DFB22A1D40432A00580851 /* ViewController.swift in Sources */,
				D45C23091D408F3600781EA4 /* Util.swift in Sources */,
				D4DFB2281D40432A00580851 /* AppDelegate.swift in Sources */,
			);
			runOnlyForDeploymentPostprocessing = 0;
		};
/* End PBXSourcesBuildPhase section */

/* Begin PBXVariantGroup section */
		D4DFB22B1D40432A00580851 /* Main.storyboard */ = {
			isa = PBXVariantGroup;
			children = (
				D4DFB22C1D40432A00580851 /* Base */,
			);
			name = Main.storyboard;
			sourceTree = "<group>";
		};
		D4DFB2301D40432A00580851 /* LaunchScreen.storyboard */ = {
			isa = PBXVariantGroup;
			children = (
				D4DFB2311D40432A00580851 /* Base */,
			);
			name = LaunchScreen.storyboard;
			sourceTree = "<group>";
		};
/* End PBXVariantGroup section */

/* Begin XCBuildConfiguration section */
		D4DFB2341D40432A00580851 /* Debug */ = {
			isa = XCBuildConfiguration;
			buildSettings = {
				ALWAYS_SEARCH_USER_PATHS = NO;
				CLANG_ANALYZER_NONNULL = YES;
				CLANG_CXX_LANGUAGE_STANDARD = "gnu++0x";
				CLANG_CXX_LIBRARY = "libc++";
				CLANG_ENABLE_MODULES = YES;
				CLANG_ENABLE_OBJC_ARC = YES;
				CLANG_WARN_BOOL_CONVERSION = YES;
				CLANG_WARN_CONSTANT_CONVERSION = YES;
				CLANG_WARN_DIRECT_OBJC_ISA_USAGE = YES_ERROR;
				CLANG_WARN_EMPTY_BODY = YES;
				CLANG_WARN_ENUM_CONVERSION = YES;
				CLANG_WARN_INT_CONVERSION = YES;
				CLANG_WARN_OBJC_ROOT_CLASS = YES_ERROR;
				CLANG_WARN_UNREACHABLE_CODE = YES;
				CLANG_WARN__DUPLICATE_METHOD_MATCH = YES;
				"CODE_SIGN_IDENTITY[sdk=iphoneos*]" = "iPhone Developer";
				COPY_PHASE_STRIP = NO;
				DEBUG_INFORMATION_FORMAT = dwarf;
				ENABLE_STRICT_OBJC_MSGSEND = YES;
				ENABLE_TESTABILITY = YES;
				GCC_C_LANGUAGE_STANDARD = gnu99;
				GCC_DYNAMIC_NO_PIC = NO;
				GCC_NO_COMMON_BLOCKS = YES;
				GCC_OPTIMIZATION_LEVEL = 0;
				GCC_PREPROCESSOR_DEFINITIONS = (
					"DEBUG=1",
					"$(inherited)",
				);
				GCC_WARN_64_TO_32_BIT_CONVERSION = YES;
				GCC_WARN_ABOUT_RETURN_TYPE = YES_ERROR;
				GCC_WARN_UNDECLARED_SELECTOR = YES;
				GCC_WARN_UNINITIALIZED_AUTOS = YES_AGGRESSIVE;
				GCC_WARN_UNUSED_FUNCTION = YES;
				GCC_WARN_UNUSED_VARIABLE = YES;
				IPHONEOS_DEPLOYMENT_TARGET = 9.3;
				MTL_ENABLE_DEBUG_INFO = YES;
				ONLY_ACTIVE_ARCH = YES;
				SDKROOT = iphoneos;
				SWIFT_OPTIMIZATION_LEVEL = "-Onone";
				TARGETED_DEVICE_FAMILY = "1,2";
			};
			name = Debug;
		};
		D4DFB2351D40432A00580851 /* Release */ = {
			isa = XCBuildConfiguration;
			buildSettings = {
				ALWAYS_SEARCH_USER_PATHS = NO;
				CLANG_ANALYZER_NONNULL = YES;
				CLANG_CXX_LANGUAGE_STANDARD = "gnu++0x";
				CLANG_CXX_LIBRARY = "libc++";
				CLANG_ENABLE_MODULES = YES;
				CLANG_ENABLE_OBJC_ARC = YES;
				CLANG_WARN_BOOL_CONVERSION = YES;
				CLANG_WARN_CONSTANT_CONVERSION = YES;
				CLANG_WARN_DIRECT_OBJC_ISA_USAGE = YES_ERROR;
				CLANG_WARN_EMPTY_BODY = YES;
				CLANG_WARN_ENUM_CONVERSION = YES;
				CLANG_WARN_INT_CONVERSION = YES;
				CLANG_WARN_OBJC_ROOT_CLASS = YES_ERROR;
				CLANG_WARN_UNREACHABLE_CODE = YES;
				CLANG_WARN__DUPLICATE_METHOD_MATCH = YES;
				"CODE_SIGN_IDENTITY[sdk=iphoneos*]" = "iPhone Developer";
				COPY_PHASE_STRIP = NO;
				DEBUG_INFORMATION_FORMAT = "dwarf-with-dsym";
				ENABLE_NS_ASSERTIONS = NO;
				ENABLE_STRICT_OBJC_MSGSEND = YES;
				GCC_C_LANGUAGE_STANDARD = gnu99;
				GCC_NO_COMMON_BLOCKS = YES;
				GCC_WARN_64_TO_32_BIT_CONVERSION = YES;
				GCC_WARN_ABOUT_RETURN_TYPE = YES_ERROR;
				GCC_WARN_UNDECLARED_SELECTOR = YES;
				GCC_WARN_UNINITIALIZED_AUTOS = YES_AGGRESSIVE;
				GCC_WARN_UNUSED_FUNCTION = YES;
				GCC_WARN_UNUSED_VARIABLE = YES;
				IPHONEOS_DEPLOYMENT_TARGET = 9.3;
				MTL_ENABLE_DEBUG_INFO = NO;
				SDKROOT = iphoneos;
				TARGETED_DEVICE_FAMILY = "1,2";
				VALIDATE_PRODUCT = YES;
			};
			name = Release;
		};
		D4DFB2371D40432A00580851 /* Debug */ = {
			isa = XCBuildConfiguration;
			buildSettings = {
				ASSETCATALOG_COMPILER_APPICON_NAME = AppIcon;
				ASSETCATALOG_COMPILER_LAUNCHIMAGE_NAME = "Brand Assets";
				INFOPLIST_FILE = "QQ聊天界面/Info.plist";
				LD_RUNPATH_SEARCH_PATHS = "$(inherited) @executable_path/Frameworks";
				PRODUCT_BUNDLE_IDENTIFIER = "lzhao.exercise.QQ----";
				PRODUCT_NAME = "$(TARGET_NAME)";
			};
			name = Debug;
		};
		D4DFB2381D40432A00580851 /* Release */ = {
			isa = XCBuildConfiguration;
			buildSettings = {
				ASSETCATALOG_COMPILER_APPICON_NAME = AppIcon;
				ASSETCATALOG_COMPILER_LAUNCHIMAGE_NAME = "Brand Assets";
				INFOPLIST_FILE = "QQ聊天界面/Info.plist";
				LD_RUNPATH_SEARCH_PATHS = "$(inherited) @executable_path/Frameworks";
				PRODUCT_BUNDLE_IDENTIFIER = "lzhao.exercise.QQ----";
				PRODUCT_NAME = "$(TARGET_NAME)";
			};
			name = Release;
		};
/* End XCBuildConfiguration section */

/* Begin XCConfigurationList section */
		D4DFB21F1D40432A00580851 /* Build configuration list for PBXProject "QQ聊天界面" */ = {
			isa = XCConfigurationList;
			buildConfigurations = (
				D4DFB2341D40432A00580851 /* Debug */,
				D4DFB2351D40432A00580851 /* Release */,
			);
			defaultConfigurationIsVisible = 0;
			defaultConfigurationName = Release;
		};
		D4DFB2361D40432A00580851 /* Build configuration list for PBXNativeTarget "QQ聊天界面" */ = {
			isa = XCConfigurationList;
			buildConfigurations = (
				D4DFB2371D40432A00580851 /* Debug */,
				D4DFB2381D40432A00580851 /* Release */,
			);
			defaultConfigurationIsVisible = 0;
			defaultConfigurationName = Release;
		};
/* End XCConfigurationList section */
	};
	rootObject = D4DFB21C1D40432A00580851 /* Project object */;
}
