// !$*UTF8*$!
{
	archiveVersion = 1;
	classes = {
	};
	objectVersion = 46;
	objects = {

/* Begin PBXBuildFile section */
		D427A7A31D4A7C1200229B59 /* AppDelegate.swift in Sources */ = {isa = PBXBuildFile; fileRef = D427A7A21D4A7C1200229B59 /* AppDelegate.swift */; };
		D427A7AA1D4A7C1200229B59 /* Assets.xcassets in Resources */ = {isa = PBXBuildFile; fileRef = D427A7A91D4A7C1200229B59 /* Assets.xcassets */; };
		D427A7AD1D4A7C1200229B59 /* LaunchScreen.storyboard in Resources */ = {isa = PBXBuildFile; fileRef = D427A7AB1D4A7C1200229B59 /* LaunchScreen.storyboard */; };
		D427A7B91D4A7E6C00229B59 /* YellowViewController.swift in Sources */ = {isa = PBXBuildFile; fileRef = D427A7B71D4A7E6C00229B59 /* YellowViewController.swift */; };
		D427A7BA1D4A7E6C00229B59 /* YellowViewController.xib in Resources */ = {isa = PBXBuildFile; fileRef = D427A7B81D4A7E6C00229B59 /* YellowViewController.xib */; };
		D427A7BD1D4A7E7D00229B59 /* BlueViewController.swift in Sources */ = {isa = PBXBuildFile; fileRef = D427A7BB1D4A7E7D00229B59 /* BlueViewController.swift */; };
		D427A7BE1D4A7E7D00229B59 /* BlueViewController.xib in Resources */ = {isa = PBXBuildFile; fileRef = D427A7BC1D4A7E7D00229B59 /* BlueViewController.xib */; };
		D427A7C11D4A837B00229B59 /* RedViewController.swift in Sources */ = {isa = PBXBuildFile; fileRef = D427A7BF1D4A837B00229B59 /* RedViewController.swift */; };
		D427A7C21D4A837B00229B59 /* RedViewController.xib in Resources */ = {isa = PBXBuildFile; fileRef = D427A7C01D4A837B00229B59 /* RedViewController.xib */; };
/* End PBXBuildFile section */

/* Begin PBXFileReference section */
		D427A79F1D4A7C1200229B59 /* NavigationItem.app */ = {isa = PBXFileReference; explicitFileType = wrapper.application; includeInIndex = 0; path = NavigationItem.app; sourceTree = BUILT_PRODUCTS_DIR; };
		D427A7A21D4A7C1200229B59 /* AppDelegate.swift */ = {isa = PBXFileReference; lastKnownFileType = sourcecode.swift; path = AppDelegate.swift; sourceTree = "<group>"; };
		D427A7A91D4A7C1200229B59 /* Assets.xcassets */ = {isa = PBXFileReference; lastKnownFileType = folder.assetcatalog; path = Assets.xcassets; sourceTree = "<group>"; };
		D427A7AC1D4A7C1200229B59 /* Base */ = {isa = PBXFileReference; lastKnownFileType = file.storyboard; name = Base; path = Base.lproj/LaunchScreen.storyboard; sourceTree = "<group>"; };
		D427A7AE1D4A7C1200229B59 /* Info.plist */ = {isa = PBXFileReference; lastKnownFileType = text.plist.xml; path = Info.plist; sourceTree = "<group>"; };
		D427A7B71D4A7E6C00229B59 /* YellowViewController.swift */ = {isa = PBXFileReference; fileEncoding = 4; lastKnownFileType = sourcecode.swift; path = YellowViewController.swift; sourceTree = "<group>"; };
		D427A7B81D4A7E6C00229B59 /* YellowViewController.xib */ = {isa = PBXFileReference; fileEncoding = 4; lastKnownFileType = file.xib; path = YellowViewController.xib; sourceTree = "<group>"; };
		D427A7BB1D4A7E7D00229B59 /* BlueViewController.swift */ = {isa = PBXFileReference; fileEncoding = 4; lastKnownFileType = sourcecode.swift; path = BlueViewController.swift; sourceTree = "<group>"; };
		D427A7BC1D4A7E7D00229B59 /* BlueViewController.xib */ = {isa = PBXFileReference; fileEncoding = 4; lastKnownFileType = file.xib; path = BlueViewController.xib; sourceTree = "<group>"; };
		D427A7BF1D4A837B00229B59 /* RedViewController.swift */ = {isa = PBXFileReference; fileEncoding = 4; lastKnownFileType = sourcecode.swift; path = RedViewController.swift; sourceTree = "<group>"; };
		D427A7C01D4A837B00229B59 /* RedViewController.xib */ = {isa = PBXFileReference; fileEncoding = 4; lastKnownFileType = file.xib; path = RedViewController.xib; sourceTree = "<group>"; };
/* End PBXFileReference section */

/* Begin PBXFrameworksBuildPhase section */
		D427A79C1D4A7C1200229B59 /* Frameworks */ = {
			isa = PBXFrameworksBuildPhase;
			buildActionMask = 2147483647;
			files = (
			);
			runOnlyForDeploymentPostprocessing = 0;
		};
/* End PBXFrameworksBuildPhase section */

/* Begin PBXGroup section */
		D427A7961D4A7C1200229B59 = {
			isa = PBXGroup;
			children = (
				D427A7A11D4A7C1200229B59 /* NavigationItem */,
				D427A7A01D4A7C1200229B59 /* Products */,
			);
			sourceTree = "<group>";
		};
		D427A7A01D4A7C1200229B59 /* Products */ = {
			isa = PBXGroup;
			children = (
				D427A79F1D4A7C1200229B59 /* NavigationItem.app */,
			);
			name = Products;
			sourceTree = "<group>";
		};
		D427A7A11D4A7C1200229B59 /* NavigationItem */ = {
			isa = PBXGroup;
			children = (
				D427A7B61D4A7E2800229B59 /* Other */,
				D427A7B51D4A7E2100229B59 /* View */,
				D427A7B41D4A7E1900229B59 /* Controller */,
			);
			path = NavigationItem;
			sourceTree = "<group>";
		};
		D427A7B41D4A7E1900229B59 /* Controller */ = {
			isa = PBXGroup;
			children = (
				D427A7B71D4A7E6C00229B59 /* YellowViewController.swift */,
				D427A7BB1D4A7E7D00229B59 /* BlueViewController.swift */,
				D427A7BF1D4A837B00229B59 /* RedViewController.swift */,
			);
			name = Controller;
			sourceTree = "<group>";
		};
		D427A7B51D4A7E2100229B59 /* View */ = {
			isa = PBXGroup;
			children = (
				D427A7B81D4A7E6C00229B59 /* YellowViewController.xib */,
				D427A7BC1D4A7E7D00229B59 /* BlueViewController.xib */,
				D427A7C01D4A837B00229B59 /* RedViewController.xib */,
			);
			name = View;
			sourceTree = "<group>";
		};
		D427A7B61D4A7E2800229B59 /* Other */ = {
			isa = PBXGroup;
			children = (
				D427A7A21D4A7C1200229B59 /* AppDelegate.swift */,
				D427A7A91D4A7C1200229B59 /* Assets.xcassets */,
				D427A7AB1D4A7C1200229B59 /* LaunchScreen.storyboard */,
				D427A7AE1D4A7C1200229B59 /* Info.plist */,
			);
			name = Other;
			sourceTree = "<group>";
		};
/* End PBXGroup section */

/* Begin PBXNativeTarget section */
		D427A79E1D4A7C1200229B59 /* NavigationItem */ = {
			isa = PBXNativeTarget;
			buildConfigurationList = D427A7B11D4A7C1200229B59 /* Build configuration list for PBXNativeTarget "NavigationItem" */;
			buildPhases = (
				D427A79B1D4A7C1200229B59 /* Sources */,
				D427A79C1D4A7C1200229B59 /* Frameworks */,
				D427A79D1D4A7C1200229B59 /* Resources */,
			);
			buildRules = (
			);
			dependencies = (
			);
			name = NavigationItem;
			productName = NavigationItem;
			productReference = D427A79F1D4A7C1200229B59 /* NavigationItem.app */;
			productType = "com.apple.product-type.application";
		};
/* End PBXNativeTarget section */

/* Begin PBXProject section */
		D427A7971D4A7C1200229B59 /* Project object */ = {
			isa = PBXProject;
			attributes = {
				LastSwiftUpdateCheck = 0730;
				LastUpgradeCheck = 0730;
				ORGANIZATIONNAME = "Lei Zhao";
				TargetAttributes = {
					D427A79E1D4A7C1200229B59 = {
						CreatedOnToolsVersion = 7.3.1;
						DevelopmentTeam = ZQNTYXCS7L;
					};
				};
			};
			buildConfigurationList = D427A79A1D4A7C1200229B59 /* Build configuration list for PBXProject "NavigationItem" */;
			compatibilityVersion = "Xcode 3.2";
			developmentRegion = English;
			hasScannedForEncodings = 0;
			knownRegions = (
				en,
				Base,
			);
			mainGroup = D427A7961D4A7C1200229B59;
			productRefGroup = D427A7A01D4A7C1200229B59 /* Products */;
			projectDirPath = "";
			projectRoot = "";
			targets = (
				D427A79E1D4A7C1200229B59 /* NavigationItem */,
			);
		};
/* End PBXProject section */

/* Begin PBXResourcesBuildPhase section */
		D427A79D1D4A7C1200229B59 /* Resources */ = {
			isa = PBXResourcesBuildPhase;
			buildActionMask = 2147483647;
			files = (
				D427A7C21D4A837B00229B59 /* RedViewController.xib in Resources */,
				D427A7BA1D4A7E6C00229B59 /* YellowViewController.xib in Resources */,
				D427A7BE1D4A7E7D00229B59 /* BlueViewController.xib in Resources */,
				D427A7AD1D4A7C1200229B59 /* LaunchScreen.storyboard in Resources */,
				D427A7AA1D4A7C1200229B59 /* Assets.xcassets in Resources */,
			);
			runOnlyForDeploymentPostprocessing = 0;
		};
/* End PBXResourcesBuildPhase section */

/* Begin PBXSourcesBuildPhase section */
		D427A79B1D4A7C1200229B59 /* Sources */ = {
			isa = PBXSourcesBuildPhase;
			buildActionMask = 2147483647;
			files = (
				D427A7C11D4A837B00229B59 /* RedViewController.swift in Sources */,
				D427A7B91D4A7E6C00229B59 /* YellowViewController.swift in Sources */,
				D427A7BD1D4A7E7D00229B59 /* BlueViewController.swift in Sources */,
				D427A7A31D4A7C1200229B59 /* AppDelegate.swift in Sources */,
			);
			runOnlyForDeploymentPostprocessing = 0;
		};
/* End PBXSourcesBuildPhase section */

/* Begin PBXVariantGroup section */
		D427A7AB1D4A7C1200229B59 /* LaunchScreen.storyboard */ = {
			isa = PBXVariantGroup;
			children = (
				D427A7AC1D4A7C1200229B59 /* Base */,
			);
			name = LaunchScreen.storyboard;
			sourceTree = "<group>";
		};
/* End PBXVariantGroup section */

/* Begin XCBuildConfiguration section */
		D427A7AF1D4A7C1200229B59 /* Debug */ = {
			isa = XCBuildConfiguration;
			buildSettings = {
				ALWAYS_SEARCH_USER_PATHS = NO;
				CLANG_ANALYZER_NONNULL = YES;
				CLANG_CXX_LANGUAGE_STANDARD = "gnu++0x";
				CLANG_CXX_LIBRARY = "libc++";
				CLANG_ENABLE_MODULES = YES;
				CLANG_ENABLE_OBJC_ARC = YES;
				CLANG_WARN_BOOL_CONVERSION = YES;
				CLANG_WARN_CONSTANT_CONVERSION = YES;
				CLANG_WARN_DIRECT_OBJC_ISA_USAGE = YES_ERROR;
				CLANG_WARN_EMPTY_BODY = YES;
				CLANG_WARN_ENUM_CONVERSION = YES;
				CLANG_WARN_INT_CONVERSION = YES;
				CLANG_WARN_OBJC_ROOT_CLASS = YES_ERROR;
				CLANG_WARN_UNREACHABLE_CODE = YES;
				CLANG_WARN__DUPLICATE_METHOD_MATCH = YES;
				"CODE_SIGN_IDENTITY[sdk=iphoneos*]" = "iPhone Developer";
				COPY_PHASE_STRIP = NO;
				DEBUG_INFORMATION_FORMAT = dwarf;
				ENABLE_STRICT_OBJC_MSGSEND = YES;
				ENABLE_TESTABILITY = YES;
				GCC_C_LANGUAGE_STANDARD = gnu99;
				GCC_DYNAMIC_NO_PIC = NO;
				GCC_NO_COMMON_BLOCKS = YES;
				GCC_OPTIMIZATION_LEVEL = 0;
				GCC_PREPROCESSOR_DEFINITIONS = (
					"DEBUG=1",
					"$(inherited)",
				);
				GCC_WARN_64_TO_32_BIT_CONVERSION = YES;
				GCC_WARN_ABOUT_RETURN_TYPE = YES_ERROR;
				GCC_WARN_UNDECLARED_SELECTOR = YES;
				GCC_WARN_UNINITIALIZED_AUTOS = YES_AGGRESSIVE;
				GCC_WARN_UNUSED_FUNCTION = YES;
				GCC_WARN_UNUSED_VARIABLE = YES;
				IPHONEOS_DEPLOYMENT_TARGET = 9.3;
				MTL_ENABLE_DEBUG_INFO = YES;
				ONLY_ACTIVE_ARCH = YES;
				SDKROOT = iphoneos;
				SWIFT_OPTIMIZATION_LEVEL = "-Onone";
				TARGETED_DEVICE_FAMILY = "1,2";
			};
			name = Debug;
		};
		D427A7B01D4A7C1200229B59 /* Release */ = {
			isa = XCBuildConfiguration;
			buildSettings = {
				ALWAYS_SEARCH_USER_PATHS = NO;
				CLANG_ANALYZER_NONNULL = YES;
				CLANG_CXX_LANGUAGE_STANDARD = "gnu++0x";
				CLANG_CXX_LIBRARY = "libc++";
				CLANG_ENABLE_MODULES = YES;
				CLANG_ENABLE_OBJC_ARC = YES;
				CLANG_WARN_BOOL_CONVERSION = YES;
				CLANG_WARN_CONSTANT_CONVERSION = YES;
				CLANG_WARN_DIRECT_OBJC_ISA_USAGE = YES_ERROR;
				CLANG_WARN_EMPTY_BODY = YES;
				CLANG_WARN_ENUM_CONVERSION = YES;
				CLANG_WARN_INT_CONVERSION = YES;
				CLANG_WARN_OBJC_ROOT_CLASS = YES_ERROR;
				CLANG_WARN_UNREACHABLE_CODE = YES;
				CLANG_WARN__DUPLICATE_METHOD_MATCH = YES;
				"CODE_SIGN_IDENTITY[sdk=iphoneos*]" = "iPhone Developer";
				COPY_PHASE_STRIP = NO;
				DEBUG_INFORMATION_FORMAT = "dwarf-with-dsym";
				ENABLE_NS_ASSERTIONS = NO;
				ENABLE_STRICT_OBJC_MSGSEND = YES;
				GCC_C_LANGUAGE_STANDARD = gnu99;
				GCC_NO_COMMON_BLOCKS = YES;
				GCC_WARN_64_TO_32_BIT_CONVERSION = YES;
				GCC_WARN_ABOUT_RETURN_TYPE = YES_ERROR;
				GCC_WARN_UNDECLARED_SELECTOR = YES;
				GCC_WARN_UNINITIALIZED_AUTOS = YES_AGGRESSIVE;
				GCC_WARN_UNUSED_FUNCTION = YES;
				GCC_WARN_UNUSED_VARIABLE = YES;
				IPHONEOS_DEPLOYMENT_TARGET = 9.3;
				MTL_ENABLE_DEBUG_INFO = NO;
				SDKROOT = iphoneos;
				TARGETED_DEVICE_FAMILY = "1,2";
				VALIDATE_PRODUCT = YES;
			};
			name = Release;
		};
		D427A7B21D4A7C1200229B59 /* Debug */ = {
			isa = XCBuildConfiguration;
			buildSettings = {
				ASSETCATALOG_COMPILER_APPICON_NAME = AppIcon;
				INFOPLIST_FILE = NavigationItem/Info.plist;
				LD_RUNPATH_SEARCH_PATHS = "$(inherited) @executable_path/Frameworks";
				PRODUCT_BUNDLE_IDENTIFIER = lzhao.exercise.NavigationItem;
				PRODUCT_NAME = "$(TARGET_NAME)";
			};
			name = Debug;
		};
		D427A7B31D4A7C1200229B59 /* Release */ = {
			isa = XCBuildConfiguration;
			buildSettings = {
				ASSETCATALOG_COMPILER_APPICON_NAME = AppIcon;
				INFOPLIST_FILE = NavigationItem/Info.plist;
				LD_RUNPATH_SEARCH_PATHS = "$(inherited) @executable_path/Frameworks";
				PRODUCT_BUNDLE_IDENTIFIER = lzhao.exercise.NavigationItem;
				PRODUCT_NAME = "$(TARGET_NAME)";
			};
			name = Release;
		};
/* End XCBuildConfiguration section */

/* Begin XCConfigurationList section */
		D427A79A1D4A7C1200229B59 /* Build configuration list for PBXProject "NavigationItem" */ = {
			isa = XCConfigurationList;
			buildConfigurations = (
				D427A7AF1D4A7C1200229B59 /* Debug */,
				D427A7B01D4A7C1200229B59 /* Release */,
			);
			defaultConfigurationIsVisible = 0;
			defaultConfigurationName = Release;
		};
		D427A7B11D4A7C1200229B59 /* Build configuration list for PBXNativeTarget "NavigationItem" */ = {
			isa = XCConfigurationList;
			buildConfigurations = (
				D427A7B21D4A7C1200229B59 /* Debug */,
				D427A7B31D4A7C1200229B59 /* Release */,
			);
			defaultConfigurationIsVisible = 0;
		};
/* End XCConfigurationList section */
	};
	rootObject = D427A7971D4A7C1200229B59 /* Project object */;
}
