// !$*UTF8*$!
{
	archiveVersion = 1;
	classes = {
	};
	objectVersion = 46;
	objects = {

/* Begin PBXBuildFile section */
		879A30ED2752BDC5A785272B /* Pods_________.framework in Frameworks */ = {isa = PBXBuildFile; fileRef = 4C5BF678B5F775E04C8A2D82 /* Pods_________.framework */; };
		D4C08FBC1D74DFA7004F5EDA /* AppDelegate.swift in Sources */ = {isa = PBXBuildFile; fileRef = D4C08FBB1D74DFA7004F5EDA /* AppDelegate.swift */; };
		D4C08FBE1D74DFA7004F5EDA /* ViewController.swift in Sources */ = {isa = PBXBuildFile; fileRef = D4C08FBD1D74DFA7004F5EDA /* ViewController.swift */; };
		D4C08FC11D74DFA7004F5EDA /* Main.storyboard in Resources */ = {isa = PBXBuildFile; fileRef = D4C08FBF1D74DFA7004F5EDA /* Main.storyboard */; };
		D4C08FC31D74DFA7004F5EDA /* Assets.xcassets in Resources */ = {isa = PBXBuildFile; fileRef = D4C08FC21D74DFA7004F5EDA /* Assets.xcassets */; };
		D4C08FC61D74DFA7004F5EDA /* LaunchScreen.storyboard in Resources */ = {isa = PBXBuildFile; fileRef = D4C08FC41D74DFA7004F5EDA /* LaunchScreen.storyboard */; };
		D4C08FD11D74E0EE004F5EDA /* Background.caf in Resources */ = {isa = PBXBuildFile; fileRef = D4C08FCE1D74E0EE004F5EDA /* Background.caf */; };
		D4C08FD21D74E0EE004F5EDA /* 一东.mp3 in Resources */ = {isa = PBXBuildFile; fileRef = D4C08FCF1D74E0EE004F5EDA /* 一东.mp3 */; };
		D4C08FD31D74E0EE004F5EDA /* 一东.plist in Resources */ = {isa = PBXBuildFile; fileRef = D4C08FD01D74E0EE004F5EDA /* 一东.plist */; };
		D4C08FD51D74E129004F5EDA /* CZWord.swift in Sources */ = {isa = PBXBuildFile; fileRef = D4C08FD41D74E129004F5EDA /* CZWord.swift */; };
/* End PBXBuildFile section */

/* Begin PBXFileReference section */
		187E06DE4E9A38EA14393367 /* Pods-听书(歌词同步).debug.xcconfig */ = {isa = PBXFileReference; includeInIndex = 1; lastKnownFileType = text.xcconfig; name = "Pods-听书(歌词同步).debug.xcconfig"; path = "Pods/Target Support Files/Pods-听书(歌词同步)/Pods-听书(歌词同步).debug.xcconfig"; sourceTree = "<group>"; };
		4C5BF678B5F775E04C8A2D82 /* Pods_________.framework */ = {isa = PBXFileReference; explicitFileType = wrapper.framework; includeInIndex = 0; path = "Pods_________.framework"; sourceTree = BUILT_PRODUCTS_DIR; };
		D0E85A807C0A70F38E8BF91C /* Pods-听书(歌词同步).release.xcconfig */ = {isa = PBXFileReference; includeInIndex = 1; lastKnownFileType = text.xcconfig; name = "Pods-听书(歌词同步).release.xcconfig"; path = "Pods/Target Support Files/Pods-听书(歌词同步)/Pods-听书(歌词同步).release.xcconfig"; sourceTree = "<group>"; };
		D4C08FB81D74DFA7004F5EDA /* 听书(歌词同步).app */ = {isa = PBXFileReference; explicitFileType = wrapper.application; includeInIndex = 0; path = "听书(歌词同步).app"; sourceTree = BUILT_PRODUCTS_DIR; };
		D4C08FBB1D74DFA7004F5EDA /* AppDelegate.swift */ = {isa = PBXFileReference; lastKnownFileType = sourcecode.swift; path = AppDelegate.swift; sourceTree = "<group>"; };
		D4C08FBD1D74DFA7004F5EDA /* ViewController.swift */ = {isa = PBXFileReference; lastKnownFileType = sourcecode.swift; path = ViewController.swift; sourceTree = "<group>"; };
		D4C08FC01D74DFA7004F5EDA /* Base */ = {isa = PBXFileReference; lastKnownFileType = file.storyboard; name = Base; path = Base.lproj/Main.storyboard; sourceTree = "<group>"; };
		D4C08FC21D74DFA7004F5EDA /* Assets.xcassets */ = {isa = PBXFileReference; lastKnownFileType = folder.assetcatalog; path = Assets.xcassets; sourceTree = "<group>"; };
		D4C08FC51D74DFA7004F5EDA /* Base */ = {isa = PBXFileReference; lastKnownFileType = file.storyboard; name = Base; path = Base.lproj/LaunchScreen.storyboard; sourceTree = "<group>"; };
		D4C08FC71D74DFA7004F5EDA /* Info.plist */ = {isa = PBXFileReference; lastKnownFileType = text.plist.xml; path = Info.plist; sourceTree = "<group>"; };
		D4C08FCE1D74E0EE004F5EDA /* Background.caf */ = {isa = PBXFileReference; lastKnownFileType = file; path = Background.caf; sourceTree = "<group>"; };
		D4C08FCF1D74E0EE004F5EDA /* 一东.mp3 */ = {isa = PBXFileReference; lastKnownFileType = audio.mp3; path = "一东.mp3"; sourceTree = "<group>"; };
		D4C08FD01D74E0EE004F5EDA /* 一东.plist */ = {isa = PBXFileReference; fileEncoding = 4; lastKnownFileType = text.plist.xml; path = "一东.plist"; sourceTree = "<group>"; };
		D4C08FD41D74E129004F5EDA /* CZWord.swift */ = {isa = PBXFileReference; fileEncoding = 4; lastKnownFileType = sourcecode.swift; path = CZWord.swift; sourceTree = "<group>"; };
/* End PBXFileReference section */

/* Begin PBXFrameworksBuildPhase section */
		D4C08FB51D74DFA7004F5EDA /* Frameworks */ = {
			isa = PBXFrameworksBuildPhase;
			buildActionMask = 2147483647;
			files = (
				879A30ED2752BDC5A785272B /* Pods_________.framework in Frameworks */,
			);
			runOnlyForDeploymentPostprocessing = 0;
		};
/* End PBXFrameworksBuildPhase section */

/* Begin PBXGroup section */
		8A9B34C22EACCD4834D15850 /* Pods */ = {
			isa = PBXGroup;
			children = (
				187E06DE4E9A38EA14393367 /* Pods-听书(歌词同步).debug.xcconfig */,
				D0E85A807C0A70F38E8BF91C /* Pods-听书(歌词同步).release.xcconfig */,
			);
			name = Pods;
			sourceTree = "<group>";
		};
		C3C4AC2BC7C2A8BF1A07E103 /* Frameworks */ = {
			isa = PBXGroup;
			children = (
				4C5BF678B5F775E04C8A2D82 /* Pods_________.framework */,
			);
			name = Frameworks;
			sourceTree = "<group>";
		};
		D4C08FAF1D74DFA7004F5EDA = {
			isa = PBXGroup;
			children = (
				D4C08FBA1D74DFA7004F5EDA /* 听书(歌词同步) */,
				D4C08FB91D74DFA7004F5EDA /* Products */,
				8A9B34C22EACCD4834D15850 /* Pods */,
				C3C4AC2BC7C2A8BF1A07E103 /* Frameworks */,
			);
			sourceTree = "<group>";
		};
		D4C08FB91D74DFA7004F5EDA /* Products */ = {
			isa = PBXGroup;
			children = (
				D4C08FB81D74DFA7004F5EDA /* 听书(歌词同步).app */,
			);
			name = Products;
			sourceTree = "<group>";
		};
		D4C08FBA1D74DFA7004F5EDA /* 听书(歌词同步) */ = {
			isa = PBXGroup;
			children = (
				D4C08FCD1D74E0DC004F5EDA /* Resource */,
				D4C08FBB1D74DFA7004F5EDA /* AppDelegate.swift */,
				D4C08FBD1D74DFA7004F5EDA /* ViewController.swift */,
				D4C08FD41D74E129004F5EDA /* CZWord.swift */,
				D4C08FBF1D74DFA7004F5EDA /* Main.storyboard */,
				D4C08FC21D74DFA7004F5EDA /* Assets.xcassets */,
				D4C08FC41D74DFA7004F5EDA /* LaunchScreen.storyboard */,
				D4C08FC71D74DFA7004F5EDA /* Info.plist */,
			);
			path = "听书(歌词同步)";
			sourceTree = "<group>";
		};
		D4C08FCD1D74E0DC004F5EDA /* Resource */ = {
			isa = PBXGroup;
			children = (
				D4C08FCE1D74E0EE004F5EDA /* Background.caf */,
				D4C08FCF1D74E0EE004F5EDA /* 一东.mp3 */,
				D4C08FD01D74E0EE004F5EDA /* 一东.plist */,
			);
			name = Resource;
			sourceTree = "<group>";
		};
/* End PBXGroup section */

/* Begin PBXNativeTarget section */
		D4C08FB71D74DFA7004F5EDA /* 听书(歌词同步) */ = {
			isa = PBXNativeTarget;
			buildConfigurationList = D4C08FCA1D74DFA7004F5EDA /* Build configuration list for PBXNativeTarget "听书(歌词同步)" */;
			buildPhases = (
				42602EAA8DE8980362579982 /* 📦 Check Pods Manifest.lock */,
				D4C08FB41D74DFA7004F5EDA /* Sources */,
				D4C08FB51D74DFA7004F5EDA /* Frameworks */,
				D4C08FB61D74DFA7004F5EDA /* Resources */,
				AB383CFC9A4D62317554831E /* 📦 Embed Pods Frameworks */,
				CDB5F95013AD01D364B948E4 /* 📦 Copy Pods Resources */,
			);
			buildRules = (
			);
			dependencies = (
			);
			name = "听书(歌词同步)";
			productName = "听书(歌词同步)";
			productReference = D4C08FB81D74DFA7004F5EDA /* 听书(歌词同步).app */;
			productType = "com.apple.product-type.application";
		};
/* End PBXNativeTarget section */

/* Begin PBXProject section */
		D4C08FB01D74DFA7004F5EDA /* Project object */ = {
			isa = PBXProject;
			attributes = {
				LastSwiftUpdateCheck = 0730;
				LastUpgradeCheck = 0730;
				ORGANIZATIONNAME = "Lei Zhao";
				TargetAttributes = {
					D4C08FB71D74DFA7004F5EDA = {
						CreatedOnToolsVersion = 7.3.1;
					};
				};
			};
			buildConfigurationList = D4C08FB31D74DFA7004F5EDA /* Build configuration list for PBXProject "听书(歌词同步)" */;
			compatibilityVersion = "Xcode 3.2";
			developmentRegion = English;
			hasScannedForEncodings = 0;
			knownRegions = (
				en,
				Base,
			);
			mainGroup = D4C08FAF1D74DFA7004F5EDA;
			productRefGroup = D4C08FB91D74DFA7004F5EDA /* Products */;
			projectDirPath = "";
			projectRoot = "";
			targets = (
				D4C08FB71D74DFA7004F5EDA /* 听书(歌词同步) */,
			);
		};
/* End PBXProject section */

/* Begin PBXResourcesBuildPhase section */
		D4C08FB61D74DFA7004F5EDA /* Resources */ = {
			isa = PBXResourcesBuildPhase;
			buildActionMask = 2147483647;
			files = (
				D4C08FD31D74E0EE004F5EDA /* 一东.plist in Resources */,
				D4C08FD21D74E0EE004F5EDA /* 一东.mp3 in Resources */,
				D4C08FC61D74DFA7004F5EDA /* LaunchScreen.storyboard in Resources */,
				D4C08FC31D74DFA7004F5EDA /* Assets.xcassets in Resources */,
				D4C08FD11D74E0EE004F5EDA /* Background.caf in Resources */,
				D4C08FC11D74DFA7004F5EDA /* Main.storyboard in Resources */,
			);
			runOnlyForDeploymentPostprocessing = 0;
		};
/* End PBXResourcesBuildPhase section */

/* Begin PBXShellScriptBuildPhase section */
		42602EAA8DE8980362579982 /* 📦 Check Pods Manifest.lock */ = {
			isa = PBXShellScriptBuildPhase;
			buildActionMask = 2147483647;
			files = (
			);
			inputPaths = (
			);
			name = "📦 Check Pods Manifest.lock";
			outputPaths = (
			);
			runOnlyForDeploymentPostprocessing = 0;
			shellPath = /bin/sh;
			shellScript = "diff \"${PODS_ROOT}/../Podfile.lock\" \"${PODS_ROOT}/Manifest.lock\" > /dev/null\nif [[ $? != 0 ]] ; then\n    cat << EOM\nerror: The sandbox is not in sync with the Podfile.lock. Run 'pod install' or update your CocoaPods installation.\nEOM\n    exit 1\nfi\n";
			showEnvVarsInLog = 0;
		};
		AB383CFC9A4D62317554831E /* 📦 Embed Pods Frameworks */ = {
			isa = PBXShellScriptBuildPhase;
			buildActionMask = 2147483647;
			files = (
			);
			inputPaths = (
			);
			name = "📦 Embed Pods Frameworks";
			outputPaths = (
			);
			runOnlyForDeploymentPostprocessing = 0;
			shellPath = /bin/sh;
			shellScript = "\"${SRCROOT}/Pods/Target Support Files/Pods-听书(歌词同步)/Pods-听书(歌词同步)-frameworks.sh\"\n";
			showEnvVarsInLog = 0;
		};
		CDB5F95013AD01D364B948E4 /* 📦 Copy Pods Resources */ = {
			isa = PBXShellScriptBuildPhase;
			buildActionMask = 2147483647;
			files = (
			);
			inputPaths = (
			);
			name = "📦 Copy Pods Resources";
			outputPaths = (
			);
			runOnlyForDeploymentPostprocessing = 0;
			shellPath = /bin/sh;
			shellScript = "\"${SRCROOT}/Pods/Target Support Files/Pods-听书(歌词同步)/Pods-听书(歌词同步)-resources.sh\"\n";
			showEnvVarsInLog = 0;
		};
/* End PBXShellScriptBuildPhase section */

/* Begin PBXSourcesBuildPhase section */
		D4C08FB41D74DFA7004F5EDA /* Sources */ = {
			isa = PBXSourcesBuildPhase;
			buildActionMask = 2147483647;
			files = (
				D4C08FD51D74E129004F5EDA /* CZWord.swift in Sources */,
				D4C08FBE1D74DFA7004F5EDA /* ViewController.swift in Sources */,
				D4C08FBC1D74DFA7004F5EDA /* AppDelegate.swift in Sources */,
			);
			runOnlyForDeploymentPostprocessing = 0;
		};
/* End PBXSourcesBuildPhase section */

/* Begin PBXVariantGroup section */
		D4C08FBF1D74DFA7004F5EDA /* Main.storyboard */ = {
			isa = PBXVariantGroup;
			children = (
				D4C08FC01D74DFA7004F5EDA /* Base */,
			);
			name = Main.storyboard;
			sourceTree = "<group>";
		};
		D4C08FC41D74DFA7004F5EDA /* LaunchScreen.storyboard */ = {
			isa = PBXVariantGroup;
			children = (
				D4C08FC51D74DFA7004F5EDA /* Base */,
			);
			name = LaunchScreen.storyboard;
			sourceTree = "<group>";
		};
/* End PBXVariantGroup section */

/* Begin XCBuildConfiguration section */
		D4C08FC81D74DFA7004F5EDA /* Debug */ = {
			isa = XCBuildConfiguration;
			buildSettings = {
				ALWAYS_SEARCH_USER_PATHS = NO;
				CLANG_ANALYZER_NONNULL = YES;
				CLANG_CXX_LANGUAGE_STANDARD = "gnu++0x";
				CLANG_CXX_LIBRARY = "libc++";
				CLANG_ENABLE_MODULES = YES;
				CLANG_ENABLE_OBJC_ARC = YES;
				CLANG_WARN_BOOL_CONVERSION = YES;
				CLANG_WARN_CONSTANT_CONVERSION = YES;
				CLANG_WARN_DIRECT_OBJC_ISA_USAGE = YES_ERROR;
				CLANG_WARN_EMPTY_BODY = YES;
				CLANG_WARN_ENUM_CONVERSION = YES;
				CLANG_WARN_INT_CONVERSION = YES;
				CLANG_WARN_OBJC_ROOT_CLASS = YES_ERROR;
				CLANG_WARN_UNREACHABLE_CODE = YES;
				CLANG_WARN__DUPLICATE_METHOD_MATCH = YES;
				"CODE_SIGN_IDENTITY[sdk=iphoneos*]" = "iPhone Developer";
				COPY_PHASE_STRIP = NO;
				DEBUG_INFORMATION_FORMAT = dwarf;
				ENABLE_STRICT_OBJC_MSGSEND = YES;
				ENABLE_TESTABILITY = YES;
				GCC_C_LANGUAGE_STANDARD = gnu99;
				GCC_DYNAMIC_NO_PIC = NO;
				GCC_NO_COMMON_BLOCKS = YES;
				GCC_OPTIMIZATION_LEVEL = 0;
				GCC_PREPROCESSOR_DEFINITIONS = (
					"DEBUG=1",
					"$(inherited)",
				);
				GCC_WARN_64_TO_32_BIT_CONVERSION = YES;
				GCC_WARN_ABOUT_RETURN_TYPE = YES_ERROR;
				GCC_WARN_UNDECLARED_SELECTOR = YES;
				GCC_WARN_UNINITIALIZED_AUTOS = YES_AGGRESSIVE;
				GCC_WARN_UNUSED_FUNCTION = YES;
				GCC_WARN_UNUSED_VARIABLE = YES;
				IPHONEOS_DEPLOYMENT_TARGET = 9.3;
				MTL_ENABLE_DEBUG_INFO = YES;
				ONLY_ACTIVE_ARCH = YES;
				SDKROOT = iphoneos;
				SWIFT_OPTIMIZATION_LEVEL = "-Onone";
				TARGETED_DEVICE_FAMILY = "1,2";
			};
			name = Debug;
		};
		D4C08FC91D74DFA7004F5EDA /* Release */ = {
			isa = XCBuildConfiguration;
			buildSettings = {
				ALWAYS_SEARCH_USER_PATHS = NO;
				CLANG_ANALYZER_NONNULL = YES;
				CLANG_CXX_LANGUAGE_STANDARD = "gnu++0x";
				CLANG_CXX_LIBRARY = "libc++";
				CLANG_ENABLE_MODULES = YES;
				CLANG_ENABLE_OBJC_ARC = YES;
				CLANG_WARN_BOOL_CONVERSION = YES;
				CLANG_WARN_CONSTANT_CONVERSION = YES;
				CLANG_WARN_DIRECT_OBJC_ISA_USAGE = YES_ERROR;
				CLANG_WARN_EMPTY_BODY = YES;
				CLANG_WARN_ENUM_CONVERSION = YES;
				CLANG_WARN_INT_CONVERSION = YES;
				CLANG_WARN_OBJC_ROOT_CLASS = YES_ERROR;
				CLANG_WARN_UNREACHABLE_CODE = YES;
				CLANG_WARN__DUPLICATE_METHOD_MATCH = YES;
				"CODE_SIGN_IDENTITY[sdk=iphoneos*]" = "iPhone Developer";
				COPY_PHASE_STRIP = NO;
				DEBUG_INFORMATION_FORMAT = "dwarf-with-dsym";
				ENABLE_NS_ASSERTIONS = NO;
				ENABLE_STRICT_OBJC_MSGSEND = YES;
				GCC_C_LANGUAGE_STANDARD = gnu99;
				GCC_NO_COMMON_BLOCKS = YES;
				GCC_WARN_64_TO_32_BIT_CONVERSION = YES;
				GCC_WARN_ABOUT_RETURN_TYPE = YES_ERROR;
				GCC_WARN_UNDECLARED_SELECTOR = YES;
				GCC_WARN_UNINITIALIZED_AUTOS = YES_AGGRESSIVE;
				GCC_WARN_UNUSED_FUNCTION = YES;
				GCC_WARN_UNUSED_VARIABLE = YES;
				IPHONEOS_DEPLOYMENT_TARGET = 9.3;
				MTL_ENABLE_DEBUG_INFO = NO;
				SDKROOT = iphoneos;
				TARGETED_DEVICE_FAMILY = "1,2";
				VALIDATE_PRODUCT = YES;
			};
			name = Release;
		};
		D4C08FCB1D74DFA7004F5EDA /* Debug */ = {
			isa = XCBuildConfiguration;
			baseConfigurationReference = 187E06DE4E9A38EA14393367 /* Pods-听书(歌词同步).debug.xcconfig */;
			buildSettings = {
				ASSETCATALOG_COMPILER_APPICON_NAME = AppIcon;
				INFOPLIST_FILE = "听书(歌词同步)/Info.plist";
				LD_RUNPATH_SEARCH_PATHS = "$(inherited) @executable_path/Frameworks";
				PRODUCT_BUNDLE_IDENTIFIER = "lzhao.exercise.--------";
				PRODUCT_NAME = "$(TARGET_NAME)";
			};
			name = Debug;
		};
		D4C08FCC1D74DFA7004F5EDA /* Release */ = {
			isa = XCBuildConfiguration;
			baseConfigurationReference = D0E85A807C0A70F38E8BF91C /* Pods-听书(歌词同步).release.xcconfig */;
			buildSettings = {
				ASSETCATALOG_COMPILER_APPICON_NAME = AppIcon;
				INFOPLIST_FILE = "听书(歌词同步)/Info.plist";
				LD_RUNPATH_SEARCH_PATHS = "$(inherited) @executable_path/Frameworks";
				PRODUCT_BUNDLE_IDENTIFIER = "lzhao.exercise.--------";
				PRODUCT_NAME = "$(TARGET_NAME)";
			};
			name = Release;
		};
/* End XCBuildConfiguration section */

/* Begin XCConfigurationList section */
		D4C08FB31D74DFA7004F5EDA /* Build configuration list for PBXProject "听书(歌词同步)" */ = {
			isa = XCConfigurationList;
			buildConfigurations = (
				D4C08FC81D74DFA7004F5EDA /* Debug */,
				D4C08FC91D74DFA7004F5EDA /* Release */,
			);
			defaultConfigurationIsVisible = 0;
			defaultConfigurationName = Release;
		};
		D4C08FCA1D74DFA7004F5EDA /* Build configuration list for PBXNativeTarget "听书(歌词同步)" */ = {
			isa = XCConfigurationList;
			buildConfigurations = (
				D4C08FCB1D74DFA7004F5EDA /* Debug */,
				D4C08FCC1D74DFA7004F5EDA /* Release */,
			);
			defaultConfigurationIsVisible = 0;
			defaultConfigurationName = Release;
		};
/* End XCConfigurationList section */
	};
	rootObject = D4C08FB01D74DFA7004F5EDA /* Project object */;
}
