// !$*UTF8*$!
{
	archiveVersion = 1;
	classes = {
	};
	objectVersion = 46;
	objects = {

/* Begin PBXBuildFile section */
		D4E4CD971D3EBD0500D15004 /* AppDelegate.swift in Sources */ = {isa = PBXBuildFile; fileRef = D4E4CD961D3EBD0500D15004 /* AppDelegate.swift */; };
		D4E4CD991D3EBD0500D15004 /* ViewController.swift in Sources */ = {isa = PBXBuildFile; fileRef = D4E4CD981D3EBD0500D15004 /* ViewController.swift */; };
		D4E4CD9C1D3EBD0500D15004 /* Main.storyboard in Resources */ = {isa = PBXBuildFile; fileRef = D4E4CD9A1D3EBD0500D15004 /* Main.storyboard */; };
		D4E4CD9E1D3EBD0500D15004 /* Assets.xcassets in Resources */ = {isa = PBXBuildFile; fileRef = D4E4CD9D1D3EBD0500D15004 /* Assets.xcassets */; };
		D4E4CDA11D3EBD0500D15004 /* LaunchScreen.storyboard in Resources */ = {isa = PBXBuildFile; fileRef = D4E4CD9F1D3EBD0500D15004 /* LaunchScreen.storyboard */; };
		D4E4CDA91D3EBEF500D15004 /* weibo.plist in Resources */ = {isa = PBXBuildFile; fileRef = D4E4CDA81D3EBEF500D15004 /* weibo.plist */; };
		D4E4CDAB1D3EBF9A00D15004 /* WeiboModel.swift in Sources */ = {isa = PBXBuildFile; fileRef = D4E4CDAA1D3EBF9A00D15004 /* WeiboModel.swift */; };
		D4E4CDB11D3EC47C00D15004 /* WeiboCell.swift in Sources */ = {isa = PBXBuildFile; fileRef = D4E4CDB01D3EC47C00D15004 /* WeiboCell.swift */; };
/* End PBXBuildFile section */

/* Begin PBXFileReference section */
		D4E4CD931D3EBD0500D15004 /* 简单微博.app */ = {isa = PBXFileReference; explicitFileType = wrapper.application; includeInIndex = 0; path = "简单微博.app"; sourceTree = BUILT_PRODUCTS_DIR; };
		D4E4CD961D3EBD0500D15004 /* AppDelegate.swift */ = {isa = PBXFileReference; lastKnownFileType = sourcecode.swift; path = AppDelegate.swift; sourceTree = "<group>"; };
		D4E4CD981D3EBD0500D15004 /* ViewController.swift */ = {isa = PBXFileReference; lastKnownFileType = sourcecode.swift; path = ViewController.swift; sourceTree = "<group>"; };
		D4E4CD9B1D3EBD0500D15004 /* Base */ = {isa = PBXFileReference; lastKnownFileType = file.storyboard; name = Base; path = Base.lproj/Main.storyboard; sourceTree = "<group>"; };
		D4E4CD9D1D3EBD0500D15004 /* Assets.xcassets */ = {isa = PBXFileReference; lastKnownFileType = folder.assetcatalog; path = Assets.xcassets; sourceTree = "<group>"; };
		D4E4CDA01D3EBD0500D15004 /* Base */ = {isa = PBXFileReference; lastKnownFileType = file.storyboard; name = Base; path = Base.lproj/LaunchScreen.storyboard; sourceTree = "<group>"; };
		D4E4CDA21D3EBD0500D15004 /* Info.plist */ = {isa = PBXFileReference; lastKnownFileType = text.plist.xml; path = Info.plist; sourceTree = "<group>"; };
		D4E4CDA81D3EBEF500D15004 /* weibo.plist */ = {isa = PBXFileReference; fileEncoding = 4; lastKnownFileType = text.plist.xml; path = weibo.plist; sourceTree = "<group>"; };
		D4E4CDAA1D3EBF9A00D15004 /* WeiboModel.swift */ = {isa = PBXFileReference; fileEncoding = 4; lastKnownFileType = sourcecode.swift; path = WeiboModel.swift; sourceTree = "<group>"; };
		D4E4CDB01D3EC47C00D15004 /* WeiboCell.swift */ = {isa = PBXFileReference; fileEncoding = 4; lastKnownFileType = sourcecode.swift; path = WeiboCell.swift; sourceTree = "<group>"; };
/* End PBXFileReference section */

/* Begin PBXFrameworksBuildPhase section */
		D4E4CD901D3EBD0500D15004 /* Frameworks */ = {
			isa = PBXFrameworksBuildPhase;
			buildActionMask = 2147483647;
			files = (
			);
			runOnlyForDeploymentPostprocessing = 0;
		};
/* End PBXFrameworksBuildPhase section */

/* Begin PBXGroup section */
		D4E4CD8A1D3EBD0500D15004 = {
			isa = PBXGroup;
			children = (
				D4E4CD951D3EBD0500D15004 /* 简单微博 */,
				D4E4CD941D3EBD0500D15004 /* Products */,
			);
			sourceTree = "<group>";
		};
		D4E4CD941D3EBD0500D15004 /* Products */ = {
			isa = PBXGroup;
			children = (
				D4E4CD931D3EBD0500D15004 /* 简单微博.app */,
			);
			name = Products;
			sourceTree = "<group>";
		};
		D4E4CD951D3EBD0500D15004 /* 简单微博 */ = {
			isa = PBXGroup;
			children = (
				D4E4CDAF1D3EC43900D15004 /* View */,
				D4E4CDAD1D3EC3F000D15004 /* Controller */,
				D4E4CDAC1D3EC3E600D15004 /* Model */,
				D4E4CD961D3EBD0500D15004 /* AppDelegate.swift */,
				D4E4CDAE1D3EC41800D15004 /* Other */,
				D4E4CDA81D3EBEF500D15004 /* weibo.plist */,
			);
			path = "简单微博";
			sourceTree = "<group>";
		};
		D4E4CDAC1D3EC3E600D15004 /* Model */ = {
			isa = PBXGroup;
			children = (
				D4E4CDAA1D3EBF9A00D15004 /* WeiboModel.swift */,
			);
			name = Model;
			sourceTree = "<group>";
		};
		D4E4CDAD1D3EC3F000D15004 /* Controller */ = {
			isa = PBXGroup;
			children = (
				D4E4CD981D3EBD0500D15004 /* ViewController.swift */,
			);
			name = Controller;
			sourceTree = "<group>";
		};
		D4E4CDAE1D3EC41800D15004 /* Other */ = {
			isa = PBXGroup;
			children = (
				D4E4CD9A1D3EBD0500D15004 /* Main.storyboard */,
				D4E4CD9D1D3EBD0500D15004 /* Assets.xcassets */,
				D4E4CD9F1D3EBD0500D15004 /* LaunchScreen.storyboard */,
				D4E4CDA21D3EBD0500D15004 /* Info.plist */,
			);
			name = Other;
			sourceTree = "<group>";
		};
		D4E4CDAF1D3EC43900D15004 /* View */ = {
			isa = PBXGroup;
			children = (
				D4E4CDB01D3EC47C00D15004 /* WeiboCell.swift */,
			);
			name = View;
			sourceTree = "<group>";
		};
/* End PBXGroup section */

/* Begin PBXNativeTarget section */
		D4E4CD921D3EBD0500D15004 /* 简单微博 */ = {
			isa = PBXNativeTarget;
			buildConfigurationList = D4E4CDA51D3EBD0500D15004 /* Build configuration list for PBXNativeTarget "简单微博" */;
			buildPhases = (
				D4E4CD8F1D3EBD0500D15004 /* Sources */,
				D4E4CD901D3EBD0500D15004 /* Frameworks */,
				D4E4CD911D3EBD0500D15004 /* Resources */,
			);
			buildRules = (
			);
			dependencies = (
			);
			name = "简单微博";
			productName = "简单微博";
			productReference = D4E4CD931D3EBD0500D15004 /* 简单微博.app */;
			productType = "com.apple.product-type.application";
		};
/* End PBXNativeTarget section */

/* Begin PBXProject section */
		D4E4CD8B1D3EBD0500D15004 /* Project object */ = {
			isa = PBXProject;
			attributes = {
				LastSwiftUpdateCheck = 0730;
				LastUpgradeCheck = 0730;
				ORGANIZATIONNAME = "Lei Zhao";
				TargetAttributes = {
					D4E4CD921D3EBD0500D15004 = {
						CreatedOnToolsVersion = 7.3.1;
						DevelopmentTeam = ZQNTYXCS7L;
					};
				};
			};
			buildConfigurationList = D4E4CD8E1D3EBD0500D15004 /* Build configuration list for PBXProject "简单微博" */;
			compatibilityVersion = "Xcode 3.2";
			developmentRegion = English;
			hasScannedForEncodings = 0;
			knownRegions = (
				en,
				Base,
			);
			mainGroup = D4E4CD8A1D3EBD0500D15004;
			productRefGroup = D4E4CD941D3EBD0500D15004 /* Products */;
			projectDirPath = "";
			projectRoot = "";
			targets = (
				D4E4CD921D3EBD0500D15004 /* 简单微博 */,
			);
		};
/* End PBXProject section */

/* Begin PBXResourcesBuildPhase section */
		D4E4CD911D3EBD0500D15004 /* Resources */ = {
			isa = PBXResourcesBuildPhase;
			buildActionMask = 2147483647;
			files = (
				D4E4CDA11D3EBD0500D15004 /* LaunchScreen.storyboard in Resources */,
				D4E4CD9E1D3EBD0500D15004 /* Assets.xcassets in Resources */,
				D4E4CD9C1D3EBD0500D15004 /* Main.storyboard in Resources */,
				D4E4CDA91D3EBEF500D15004 /* weibo.plist in Resources */,
			);
			runOnlyForDeploymentPostprocessing = 0;
		};
/* End PBXResourcesBuildPhase section */

/* Begin PBXSourcesBuildPhase section */
		D4E4CD8F1D3EBD0500D15004 /* Sources */ = {
			isa = PBXSourcesBuildPhase;
			buildActionMask = 2147483647;
			files = (
				D4E4CDB11D3EC47C00D15004 /* WeiboCell.swift in Sources */,
				D4E4CDAB1D3EBF9A00D15004 /* WeiboModel.swift in Sources */,
				D4E4CD991D3EBD0500D15004 /* ViewController.swift in Sources */,
				D4E4CD971D3EBD0500D15004 /* AppDelegate.swift in Sources */,
			);
			runOnlyForDeploymentPostprocessing = 0;
		};
/* End PBXSourcesBuildPhase section */

/* Begin PBXVariantGroup section */
		D4E4CD9A1D3EBD0500D15004 /* Main.storyboard */ = {
			isa = PBXVariantGroup;
			children = (
				D4E4CD9B1D3EBD0500D15004 /* Base */,
			);
			name = Main.storyboard;
			sourceTree = "<group>";
		};
		D4E4CD9F1D3EBD0500D15004 /* LaunchScreen.storyboard */ = {
			isa = PBXVariantGroup;
			children = (
				D4E4CDA01D3EBD0500D15004 /* Base */,
			);
			name = LaunchScreen.storyboard;
			sourceTree = "<group>";
		};
/* End PBXVariantGroup section */

/* Begin XCBuildConfiguration section */
		D4E4CDA31D3EBD0500D15004 /* Debug */ = {
			isa = XCBuildConfiguration;
			buildSettings = {
				ALWAYS_SEARCH_USER_PATHS = NO;
				CLANG_ANALYZER_NONNULL = YES;
				CLANG_CXX_LANGUAGE_STANDARD = "gnu++0x";
				CLANG_CXX_LIBRARY = "libc++";
				CLANG_ENABLE_MODULES = YES;
				CLANG_ENABLE_OBJC_ARC = YES;
				CLANG_WARN_BOOL_CONVERSION = YES;
				CLANG_WARN_CONSTANT_CONVERSION = YES;
				CLANG_WARN_DIRECT_OBJC_ISA_USAGE = YES_ERROR;
				CLANG_WARN_EMPTY_BODY = YES;
				CLANG_WARN_ENUM_CONVERSION = YES;
				CLANG_WARN_INT_CONVERSION = YES;
				CLANG_WARN_OBJC_ROOT_CLASS = YES_ERROR;
				CLANG_WARN_UNREACHABLE_CODE = YES;
				CLANG_WARN__DUPLICATE_METHOD_MATCH = YES;
				"CODE_SIGN_IDENTITY[sdk=iphoneos*]" = "iPhone Developer";
				COPY_PHASE_STRIP = NO;
				DEBUG_INFORMATION_FORMAT = dwarf;
				ENABLE_STRICT_OBJC_MSGSEND = YES;
				ENABLE_TESTABILITY = YES;
				GCC_C_LANGUAGE_STANDARD = gnu99;
				GCC_DYNAMIC_NO_PIC = NO;
				GCC_NO_COMMON_BLOCKS = YES;
				GCC_OPTIMIZATION_LEVEL = 0;
				GCC_PREPROCESSOR_DEFINITIONS = (
					"DEBUG=1",
					"$(inherited)",
				);
				GCC_WARN_64_TO_32_BIT_CONVERSION = YES;
				GCC_WARN_ABOUT_RETURN_TYPE = YES_ERROR;
				GCC_WARN_UNDECLARED_SELECTOR = YES;
				GCC_WARN_UNINITIALIZED_AUTOS = YES_AGGRESSIVE;
				GCC_WARN_UNUSED_FUNCTION = YES;
				GCC_WARN_UNUSED_VARIABLE = YES;
				IPHONEOS_DEPLOYMENT_TARGET = 9.3;
				MTL_ENABLE_DEBUG_INFO = YES;
				ONLY_ACTIVE_ARCH = YES;
				SDKROOT = iphoneos;
				SWIFT_OPTIMIZATION_LEVEL = "-Onone";
				TARGETED_DEVICE_FAMILY = "1,2";
			};
			name = Debug;
		};
		D4E4CDA41D3EBD0500D15004 /* Release */ = {
			isa = XCBuildConfiguration;
			buildSettings = {
				ALWAYS_SEARCH_USER_PATHS = NO;
				CLANG_ANALYZER_NONNULL = YES;
				CLANG_CXX_LANGUAGE_STANDARD = "gnu++0x";
				CLANG_CXX_LIBRARY = "libc++";
				CLANG_ENABLE_MODULES = YES;
				CLANG_ENABLE_OBJC_ARC = YES;
				CLANG_WARN_BOOL_CONVERSION = YES;
				CLANG_WARN_CONSTANT_CONVERSION = YES;
				CLANG_WARN_DIRECT_OBJC_ISA_USAGE = YES_ERROR;
				CLANG_WARN_EMPTY_BODY = YES;
				CLANG_WARN_ENUM_CONVERSION = YES;
				CLANG_WARN_INT_CONVERSION = YES;
				CLANG_WARN_OBJC_ROOT_CLASS = YES_ERROR;
				CLANG_WARN_UNREACHABLE_CODE = YES;
				CLANG_WARN__DUPLICATE_METHOD_MATCH = YES;
				"CODE_SIGN_IDENTITY[sdk=iphoneos*]" = "iPhone Developer";
				COPY_PHASE_STRIP = NO;
				DEBUG_INFORMATION_FORMAT = "dwarf-with-dsym";
				ENABLE_NS_ASSERTIONS = NO;
				ENABLE_STRICT_OBJC_MSGSEND = YES;
				GCC_C_LANGUAGE_STANDARD = gnu99;
				GCC_NO_COMMON_BLOCKS = YES;
				GCC_WARN_64_TO_32_BIT_CONVERSION = YES;
				GCC_WARN_ABOUT_RETURN_TYPE = YES_ERROR;
				GCC_WARN_UNDECLARED_SELECTOR = YES;
				GCC_WARN_UNINITIALIZED_AUTOS = YES_AGGRESSIVE;
				GCC_WARN_UNUSED_FUNCTION = YES;
				GCC_WARN_UNUSED_VARIABLE = YES;
				IPHONEOS_DEPLOYMENT_TARGET = 9.3;
				MTL_ENABLE_DEBUG_INFO = NO;
				SDKROOT = iphoneos;
				TARGETED_DEVICE_FAMILY = "1,2";
				VALIDATE_PRODUCT = YES;
			};
			name = Release;
		};
		D4E4CDA61D3EBD0500D15004 /* Debug */ = {
			isa = XCBuildConfiguration;
			buildSettings = {
				ASSETCATALOG_COMPILER_APPICON_NAME = AppIcon;
				INFOPLIST_FILE = "简单微博/Info.plist";
				LD_RUNPATH_SEARCH_PATHS = "$(inherited) @executable_path/Frameworks";
				PRODUCT_BUNDLE_IDENTIFIER = "lzhao.exercise.----";
				PRODUCT_NAME = "$(TARGET_NAME)";
			};
			name = Debug;
		};
		D4E4CDA71D3EBD0500D15004 /* Release */ = {
			isa = XCBuildConfiguration;
			buildSettings = {
				ASSETCATALOG_COMPILER_APPICON_NAME = AppIcon;
				INFOPLIST_FILE = "简单微博/Info.plist";
				LD_RUNPATH_SEARCH_PATHS = "$(inherited) @executable_path/Frameworks";
				PRODUCT_BUNDLE_IDENTIFIER = "lzhao.exercise.----";
				PRODUCT_NAME = "$(TARGET_NAME)";
			};
			name = Release;
		};
/* End XCBuildConfiguration section */

/* Begin XCConfigurationList section */
		D4E4CD8E1D3EBD0500D15004 /* Build configuration list for PBXProject "简单微博" */ = {
			isa = XCConfigurationList;
			buildConfigurations = (
				D4E4CDA31D3EBD0500D15004 /* Debug */,
				D4E4CDA41D3EBD0500D15004 /* Release */,
			);
			defaultConfigurationIsVisible = 0;
			defaultConfigurationName = Release;
		};
		D4E4CDA51D3EBD0500D15004 /* Build configuration list for PBXNativeTarget "简单微博" */ = {
			isa = XCConfigurationList;
			buildConfigurations = (
				D4E4CDA61D3EBD0500D15004 /* Debug */,
				D4E4CDA71D3EBD0500D15004 /* Release */,
			);
			defaultConfigurationIsVisible = 0;
		};
/* End XCConfigurationList section */
	};
	rootObject = D4E4CD8B1D3EBD0500D15004 /* Project object */;
}
