// !$*UTF8*$!
{
	archiveVersion = 1;
	classes = {
	};
	objectVersion = 46;
	objects = {

/* Begin PBXBuildFile section */
		D4034C8F1D59315D00036CA7 /* CZTabbar.swift in Sources */ = {isa = PBXBuildFile; fileRef = D4034C8E1D59315D00036CA7 /* CZTabbar.swift */; };
		D4034C911D59355D00036CA7 /* CZTabbarDelegate.swift in Sources */ = {isa = PBXBuildFile; fileRef = D4034C901D59355D00036CA7 /* CZTabbarDelegate.swift */; };
		D4034C9B1D59450200036CA7 /* CZBuyLotteryHallViewController.swift in Sources */ = {isa = PBXBuildFile; fileRef = D4034C9A1D59450200036CA7 /* CZBuyLotteryHallViewController.swift */; };
		D4034C9D1D5948D100036CA7 /* CZNavigationController.swift in Sources */ = {isa = PBXBuildFile; fileRef = D4034C9C1D5948D100036CA7 /* CZNavigationController.swift */; };
		D4BFDB9F1D58047D00D44595 /* AppDelegate.swift in Sources */ = {isa = PBXBuildFile; fileRef = D4BFDB9E1D58047D00D44595 /* AppDelegate.swift */; };
		D4BFDBA11D58047D00D44595 /* ViewController.swift in Sources */ = {isa = PBXBuildFile; fileRef = D4BFDBA01D58047D00D44595 /* ViewController.swift */; };
		D4BFDBA41D58047D00D44595 /* Main.storyboard in Resources */ = {isa = PBXBuildFile; fileRef = D4BFDBA21D58047D00D44595 /* Main.storyboard */; };
		D4BFDBA61D58047D00D44595 /* Assets.xcassets in Resources */ = {isa = PBXBuildFile; fileRef = D4BFDBA51D58047D00D44595 /* Assets.xcassets */; };
		D4BFDBA91D58047D00D44595 /* LaunchScreen.storyboard in Resources */ = {isa = PBXBuildFile; fileRef = D4BFDBA71D58047D00D44595 /* LaunchScreen.storyboard */; };
		D4E4CA0C1D58092E003C02AF /* CZTabBarController.swift in Sources */ = {isa = PBXBuildFile; fileRef = D4E4CA0B1D58092E003C02AF /* CZTabBarController.swift */; };
		D4E4CA121D5AFF29003C02AF /* CZTitleButton.swift in Sources */ = {isa = PBXBuildFile; fileRef = D4E4CA111D5AFF29003C02AF /* CZTitleButton.swift */; };
		D4E4CA141D5B0202003C02AF /* CZBuyTogetherViewController.swift in Sources */ = {isa = PBXBuildFile; fileRef = D4E4CA131D5B0202003C02AF /* CZBuyTogetherViewController.swift */; };
/* End PBXBuildFile section */

/* Begin PBXFileReference section */
		D4034C8E1D59315D00036CA7 /* CZTabbar.swift */ = {isa = PBXFileReference; fileEncoding = 4; lastKnownFileType = sourcecode.swift; name = CZTabbar.swift; path = "网易彩票/Classes/Main/View/CZTabbar.swift"; sourceTree = SOURCE_ROOT; };
		D4034C901D59355D00036CA7 /* CZTabbarDelegate.swift */ = {isa = PBXFileReference; fileEncoding = 4; lastKnownFileType = sourcecode.swift; path = CZTabbarDelegate.swift; sourceTree = "<group>"; };
		D4034C9A1D59450200036CA7 /* CZBuyLotteryHallViewController.swift */ = {isa = PBXFileReference; fileEncoding = 4; lastKnownFileType = sourcecode.swift; path = CZBuyLotteryHallViewController.swift; sourceTree = "<group>"; };
		D4034C9C1D5948D100036CA7 /* CZNavigationController.swift */ = {isa = PBXFileReference; fileEncoding = 4; lastKnownFileType = sourcecode.swift; name = CZNavigationController.swift; path = "网易彩票/Classes/Main/Controllers/CZNavigationController.swift"; sourceTree = SOURCE_ROOT; };
		D4BFDB9B1D58047D00D44595 /* 网易彩票.app */ = {isa = PBXFileReference; explicitFileType = wrapper.application; includeInIndex = 0; path = "网易彩票.app"; sourceTree = BUILT_PRODUCTS_DIR; };
		D4BFDB9E1D58047D00D44595 /* AppDelegate.swift */ = {isa = PBXFileReference; lastKnownFileType = sourcecode.swift; path = AppDelegate.swift; sourceTree = "<group>"; };
		D4BFDBA01D58047D00D44595 /* ViewController.swift */ = {isa = PBXFileReference; lastKnownFileType = sourcecode.swift; path = ViewController.swift; sourceTree = "<group>"; };
		D4BFDBA31D58047D00D44595 /* Base */ = {isa = PBXFileReference; lastKnownFileType = file.storyboard; name = Base; path = Base.lproj/Main.storyboard; sourceTree = "<group>"; };
		D4BFDBA51D58047D00D44595 /* Assets.xcassets */ = {isa = PBXFileReference; lastKnownFileType = folder.assetcatalog; path = Assets.xcassets; sourceTree = "<group>"; };
		D4BFDBA81D58047D00D44595 /* Base */ = {isa = PBXFileReference; lastKnownFileType = file.storyboard; name = Base; path = Base.lproj/LaunchScreen.storyboard; sourceTree = "<group>"; };
		D4BFDBAA1D58047D00D44595 /* Info.plist */ = {isa = PBXFileReference; lastKnownFileType = text.plist.xml; path = Info.plist; sourceTree = "<group>"; };
		D4E4CA0B1D58092E003C02AF /* CZTabBarController.swift */ = {isa = PBXFileReference; fileEncoding = 4; lastKnownFileType = sourcecode.swift; name = CZTabBarController.swift; path = "网易彩票/Classes/Main/Controllers/CZTabBarController.swift"; sourceTree = SOURCE_ROOT; };
		D4E4CA111D5AFF29003C02AF /* CZTitleButton.swift */ = {isa = PBXFileReference; fileEncoding = 4; lastKnownFileType = sourcecode.swift; path = CZTitleButton.swift; sourceTree = "<group>"; };
		D4E4CA131D5B0202003C02AF /* CZBuyTogetherViewController.swift */ = {isa = PBXFileReference; fileEncoding = 4; lastKnownFileType = sourcecode.swift; path = CZBuyTogetherViewController.swift; sourceTree = "<group>"; };
/* End PBXFileReference section */

/* Begin PBXFrameworksBuildPhase section */
		D4BFDB981D58047D00D44595 /* Frameworks */ = {
			isa = PBXFrameworksBuildPhase;
			buildActionMask = 2147483647;
			files = (
			);
			runOnlyForDeploymentPostprocessing = 0;
		};
/* End PBXFrameworksBuildPhase section */

/* Begin PBXGroup section */
		D4034C941D59444D00036CA7 /* BuyLotteryHall */ = {
			isa = PBXGroup;
			children = (
				D4034C951D59444D00036CA7 /* Controller */,
				D4034C961D59444D00036CA7 /* Model */,
				D4034C971D59444D00036CA7 /* View */,
			);
			name = BuyLotteryHall;
			path = ../Classes/BuyLotteryHall;
			sourceTree = "<group>";
		};
		D4034C951D59444D00036CA7 /* Controller */ = {
			isa = PBXGroup;
			children = (
				D4034C9A1D59450200036CA7 /* CZBuyLotteryHallViewController.swift */,
			);
			path = Controller;
			sourceTree = "<group>";
		};
		D4034C961D59444D00036CA7 /* Model */ = {
			isa = PBXGroup;
			children = (
			);
			path = Model;
			sourceTree = "<group>";
		};
		D4034C971D59444D00036CA7 /* View */ = {
			isa = PBXGroup;
			children = (
			);
			path = View;
			sourceTree = "<group>";
		};
		D4BFDB921D58047D00D44595 = {
			isa = PBXGroup;
			children = (
				D4BFDB9D1D58047D00D44595 /* 网易彩票 */,
				D4BFDB9C1D58047D00D44595 /* Products */,
			);
			sourceTree = "<group>";
		};
		D4BFDB9C1D58047D00D44595 /* Products */ = {
			isa = PBXGroup;
			children = (
				D4BFDB9B1D58047D00D44595 /* 网易彩票.app */,
			);
			name = Products;
			sourceTree = "<group>";
		};
		D4BFDB9D1D58047D00D44595 /* 网易彩票 */ = {
			isa = PBXGroup;
			children = (
				D4E4CA061D5806FB003C02AF /* Classes */,
				D4BFDB9E1D58047D00D44595 /* AppDelegate.swift */,
				D4BFDBA01D58047D00D44595 /* ViewController.swift */,
				D4BFDBA21D58047D00D44595 /* Main.storyboard */,
				D4BFDBA51D58047D00D44595 /* Assets.xcassets */,
				D4BFDBA71D58047D00D44595 /* LaunchScreen.storyboard */,
				D4BFDBAA1D58047D00D44595 /* Info.plist */,
			);
			path = "网易彩票";
			sourceTree = "<group>";
		};
		D4E4CA061D5806FB003C02AF /* Classes */ = {
			isa = PBXGroup;
			children = (
				D4034C941D59444D00036CA7 /* BuyLotteryHall */,
				D4E4CA0D1D5AFEE6003C02AF /* BuyTogether */,
				D4E4CA071D5808DD003C02AF /* Main */,
			);
			name = Classes;
			path = classes;
			sourceTree = "<group>";
		};
		D4E4CA071D5808DD003C02AF /* Main */ = {
			isa = PBXGroup;
			children = (
				D4E4CA081D5808DD003C02AF /* Controllers */,
				D4E4CA091D5808DD003C02AF /* Model */,
				D4E4CA0A1D5808DD003C02AF /* View */,
			);
			path = Main;
			sourceTree = "<group>";
		};
		D4E4CA081D5808DD003C02AF /* Controllers */ = {
			isa = PBXGroup;
			children = (
				D4E4CA0B1D58092E003C02AF /* CZTabBarController.swift */,
				D4034C9C1D5948D100036CA7 /* CZNavigationController.swift */,
			);
			path = Controllers;
			sourceTree = "<group>";
		};
		D4E4CA091D5808DD003C02AF /* Model */ = {
			isa = PBXGroup;
			children = (
			);
			name = Model;
			path = ../../Classes/Main/Model;
			sourceTree = "<group>";
		};
		D4E4CA0A1D5808DD003C02AF /* View */ = {
			isa = PBXGroup;
			children = (
				D4034C8E1D59315D00036CA7 /* CZTabbar.swift */,
				D4034C901D59355D00036CA7 /* CZTabbarDelegate.swift */,
			);
			path = View;
			sourceTree = "<group>";
		};
		D4E4CA0D1D5AFEE6003C02AF /* BuyTogether */ = {
			isa = PBXGroup;
			children = (
				D4E4CA0E1D5AFEE6003C02AF /* Controller */,
				D4E4CA0F1D5AFEE6003C02AF /* Model */,
				D4E4CA101D5AFEE6003C02AF /* View */,
			);
			name = BuyTogether;
			path = "网易彩票/Classes/BuyTogether";
			sourceTree = SOURCE_ROOT;
		};
		D4E4CA0E1D5AFEE6003C02AF /* Controller */ = {
			isa = PBXGroup;
			children = (
				D4E4CA131D5B0202003C02AF /* CZBuyTogetherViewController.swift */,
			);
			path = Controller;
			sourceTree = "<group>";
		};
		D4E4CA0F1D5AFEE6003C02AF /* Model */ = {
			isa = PBXGroup;
			children = (
			);
			path = Model;
			sourceTree = "<group>";
		};
		D4E4CA101D5AFEE6003C02AF /* View */ = {
			isa = PBXGroup;
			children = (
				D4E4CA111D5AFF29003C02AF /* CZTitleButton.swift */,
			);
			path = View;
			sourceTree = "<group>";
		};
/* End PBXGroup section */

/* Begin PBXNativeTarget section */
		D4BFDB9A1D58047D00D44595 /* 网易彩票 */ = {
			isa = PBXNativeTarget;
			buildConfigurationList = D4BFDBAD1D58047D00D44595 /* Build configuration list for PBXNativeTarget "网易彩票" */;
			buildPhases = (
				D4BFDB971D58047D00D44595 /* Sources */,
				D4BFDB981D58047D00D44595 /* Frameworks */,
				D4BFDB991D58047D00D44595 /* Resources */,
			);
			buildRules = (
			);
			dependencies = (
			);
			name = "网易彩票";
			productName = "网易彩票";
			productReference = D4BFDB9B1D58047D00D44595 /* 网易彩票.app */;
			productType = "com.apple.product-type.application";
		};
/* End PBXNativeTarget section */

/* Begin PBXProject section */
		D4BFDB931D58047D00D44595 /* Project object */ = {
			isa = PBXProject;
			attributes = {
				CLASSPREFIX = CZ;
				LastSwiftUpdateCheck = 0730;
				LastUpgradeCheck = 0730;
				ORGANIZATIONNAME = "Lei Zhao";
				TargetAttributes = {
					D4BFDB9A1D58047D00D44595 = {
						CreatedOnToolsVersion = 7.3.1;
						DevelopmentTeam = ZQNTYXCS7L;
					};
				};
			};
			buildConfigurationList = D4BFDB961D58047D00D44595 /* Build configuration list for PBXProject "网易彩票" */;
			compatibilityVersion = "Xcode 3.2";
			developmentRegion = English;
			hasScannedForEncodings = 0;
			knownRegions = (
				en,
				Base,
			);
			mainGroup = D4BFDB921D58047D00D44595;
			productRefGroup = D4BFDB9C1D58047D00D44595 /* Products */;
			projectDirPath = "";
			projectRoot = "";
			targets = (
				D4BFDB9A1D58047D00D44595 /* 网易彩票 */,
			);
		};
/* End PBXProject section */

/* Begin PBXResourcesBuildPhase section */
		D4BFDB991D58047D00D44595 /* Resources */ = {
			isa = PBXResourcesBuildPhase;
			buildActionMask = 2147483647;
			files = (
				D4BFDBA91D58047D00D44595 /* LaunchScreen.storyboard in Resources */,
				D4BFDBA61D58047D00D44595 /* Assets.xcassets in Resources */,
				D4BFDBA41D58047D00D44595 /* Main.storyboard in Resources */,
			);
			runOnlyForDeploymentPostprocessing = 0;
		};
/* End PBXResourcesBuildPhase section */

/* Begin PBXSourcesBuildPhase section */
		D4BFDB971D58047D00D44595 /* Sources */ = {
			isa = PBXSourcesBuildPhase;
			buildActionMask = 2147483647;
			files = (
				D4034C9D1D5948D100036CA7 /* CZNavigationController.swift in Sources */,
				D4E4CA141D5B0202003C02AF /* CZBuyTogetherViewController.swift in Sources */,
				D4E4CA121D5AFF29003C02AF /* CZTitleButton.swift in Sources */,
				D4034C911D59355D00036CA7 /* CZTabbarDelegate.swift in Sources */,
				D4034C9B1D59450200036CA7 /* CZBuyLotteryHallViewController.swift in Sources */,
				D4E4CA0C1D58092E003C02AF /* CZTabBarController.swift in Sources */,
				D4BFDBA11D58047D00D44595 /* ViewController.swift in Sources */,
				D4034C8F1D59315D00036CA7 /* CZTabbar.swift in Sources */,
				D4BFDB9F1D58047D00D44595 /* AppDelegate.swift in Sources */,
			);
			runOnlyForDeploymentPostprocessing = 0;
		};
/* End PBXSourcesBuildPhase section */

/* Begin PBXVariantGroup section */
		D4BFDBA21D58047D00D44595 /* Main.storyboard */ = {
			isa = PBXVariantGroup;
			children = (
				D4BFDBA31D58047D00D44595 /* Base */,
			);
			name = Main.storyboard;
			sourceTree = "<group>";
		};
		D4BFDBA71D58047D00D44595 /* LaunchScreen.storyboard */ = {
			isa = PBXVariantGroup;
			children = (
				D4BFDBA81D58047D00D44595 /* Base */,
			);
			name = LaunchScreen.storyboard;
			sourceTree = "<group>";
		};
/* End PBXVariantGroup section */

/* Begin XCBuildConfiguration section */
		D4BFDBAB1D58047D00D44595 /* Debug */ = {
			isa = XCBuildConfiguration;
			buildSettings = {
				ALWAYS_SEARCH_USER_PATHS = NO;
				CLANG_ANALYZER_NONNULL = YES;
				CLANG_CXX_LANGUAGE_STANDARD = "gnu++0x";
				CLANG_CXX_LIBRARY = "libc++";
				CLANG_ENABLE_MODULES = YES;
				CLANG_ENABLE_OBJC_ARC = YES;
				CLANG_WARN_BOOL_CONVERSION = YES;
				CLANG_WARN_CONSTANT_CONVERSION = YES;
				CLANG_WARN_DIRECT_OBJC_ISA_USAGE = YES_ERROR;
				CLANG_WARN_EMPTY_BODY = YES;
				CLANG_WARN_ENUM_CONVERSION = YES;
				CLANG_WARN_INT_CONVERSION = YES;
				CLANG_WARN_OBJC_ROOT_CLASS = YES_ERROR;
				CLANG_WARN_UNREACHABLE_CODE = YES;
				CLANG_WARN__DUPLICATE_METHOD_MATCH = YES;
				"CODE_SIGN_IDENTITY[sdk=iphoneos*]" = "iPhone Developer";
				COPY_PHASE_STRIP = NO;
				DEBUG_INFORMATION_FORMAT = dwarf;
				ENABLE_STRICT_OBJC_MSGSEND = YES;
				ENABLE_TESTABILITY = YES;
				GCC_C_LANGUAGE_STANDARD = gnu99;
				GCC_DYNAMIC_NO_PIC = NO;
				GCC_NO_COMMON_BLOCKS = YES;
				GCC_OPTIMIZATION_LEVEL = 0;
				GCC_PREPROCESSOR_DEFINITIONS = (
					"DEBUG=1",
					"$(inherited)",
				);
				GCC_WARN_64_TO_32_BIT_CONVERSION = YES;
				GCC_WARN_ABOUT_RETURN_TYPE = YES_ERROR;
				GCC_WARN_UNDECLARED_SELECTOR = YES;
				GCC_WARN_UNINITIALIZED_AUTOS = YES_AGGRESSIVE;
				GCC_WARN_UNUSED_FUNCTION = YES;
				GCC_WARN_UNUSED_VARIABLE = YES;
				IPHONEOS_DEPLOYMENT_TARGET = 9.3;
				MTL_ENABLE_DEBUG_INFO = YES;
				ONLY_ACTIVE_ARCH = YES;
				SDKROOT = iphoneos;
				SWIFT_OPTIMIZATION_LEVEL = "-Onone";
				TARGETED_DEVICE_FAMILY = "1,2";
			};
			name = Debug;
		};
		D4BFDBAC1D58047D00D44595 /* Release */ = {
			isa = XCBuildConfiguration;
			buildSettings = {
				ALWAYS_SEARCH_USER_PATHS = NO;
				CLANG_ANALYZER_NONNULL = YES;
				CLANG_CXX_LANGUAGE_STANDARD = "gnu++0x";
				CLANG_CXX_LIBRARY = "libc++";
				CLANG_ENABLE_MODULES = YES;
				CLANG_ENABLE_OBJC_ARC = YES;
				CLANG_WARN_BOOL_CONVERSION = YES;
				CLANG_WARN_CONSTANT_CONVERSION = YES;
				CLANG_WARN_DIRECT_OBJC_ISA_USAGE = YES_ERROR;
				CLANG_WARN_EMPTY_BODY = YES;
				CLANG_WARN_ENUM_CONVERSION = YES;
				CLANG_WARN_INT_CONVERSION = YES;
				CLANG_WARN_OBJC_ROOT_CLASS = YES_ERROR;
				CLANG_WARN_UNREACHABLE_CODE = YES;
				CLANG_WARN__DUPLICATE_METHOD_MATCH = YES;
				"CODE_SIGN_IDENTITY[sdk=iphoneos*]" = "iPhone Developer";
				COPY_PHASE_STRIP = NO;
				DEBUG_INFORMATION_FORMAT = "dwarf-with-dsym";
				ENABLE_NS_ASSERTIONS = NO;
				ENABLE_STRICT_OBJC_MSGSEND = YES;
				GCC_C_LANGUAGE_STANDARD = gnu99;
				GCC_NO_COMMON_BLOCKS = YES;
				GCC_WARN_64_TO_32_BIT_CONVERSION = YES;
				GCC_WARN_ABOUT_RETURN_TYPE = YES_ERROR;
				GCC_WARN_UNDECLARED_SELECTOR = YES;
				GCC_WARN_UNINITIALIZED_AUTOS = YES_AGGRESSIVE;
				GCC_WARN_UNUSED_FUNCTION = YES;
				GCC_WARN_UNUSED_VARIABLE = YES;
				IPHONEOS_DEPLOYMENT_TARGET = 9.3;
				MTL_ENABLE_DEBUG_INFO = NO;
				SDKROOT = iphoneos;
				TARGETED_DEVICE_FAMILY = "1,2";
				VALIDATE_PRODUCT = YES;
			};
			name = Release;
		};
		D4BFDBAE1D58047D00D44595 /* Debug */ = {
			isa = XCBuildConfiguration;
			buildSettings = {
				ASSETCATALOG_COMPILER_APPICON_NAME = AppIcon;
				INFOPLIST_FILE = "网易彩票/Info.plist";
				LD_RUNPATH_SEARCH_PATHS = "$(inherited) @executable_path/Frameworks";
				PRODUCT_BUNDLE_IDENTIFIER = "lzhao.exercise.----";
				PRODUCT_NAME = "$(TARGET_NAME)";
			};
			name = Debug;
		};
		D4BFDBAF1D58047D00D44595 /* Release */ = {
			isa = XCBuildConfiguration;
			buildSettings = {
				ASSETCATALOG_COMPILER_APPICON_NAME = AppIcon;
				INFOPLIST_FILE = "网易彩票/Info.plist";
				LD_RUNPATH_SEARCH_PATHS = "$(inherited) @executable_path/Frameworks";
				PRODUCT_BUNDLE_IDENTIFIER = "lzhao.exercise.----";
				PRODUCT_NAME = "$(TARGET_NAME)";
			};
			name = Release;
		};
/* End XCBuildConfiguration section */

/* Begin XCConfigurationList section */
		D4BFDB961D58047D00D44595 /* Build configuration list for PBXProject "网易彩票" */ = {
			isa = XCConfigurationList;
			buildConfigurations = (
				D4BFDBAB1D58047D00D44595 /* Debug */,
				D4BFDBAC1D58047D00D44595 /* Release */,
			);
			defaultConfigurationIsVisible = 0;
			defaultConfigurationName = Release;
		};
		D4BFDBAD1D58047D00D44595 /* Build configuration list for PBXNativeTarget "网易彩票" */ = {
			isa = XCConfigurationList;
			buildConfigurations = (
				D4BFDBAE1D58047D00D44595 /* Debug */,
				D4BFDBAF1D58047D00D44595 /* Release */,
			);
			defaultConfigurationIsVisible = 0;
			defaultConfigurationName = Release;
		};
/* End XCConfigurationList section */
	};
	rootObject = D4BFDB931D58047D00D44595 /* Project object */;
}
