// !$*UTF8*$!
{
	archiveVersion = 1;
	classes = {
	};
	objectVersion = 46;
	objects = {

/* Begin PBXBuildFile section */
		D427A7581D4948B600229B59 /* AppDelegate.swift in Sources */ = {isa = PBXBuildFile; fileRef = D427A7571D4948B600229B59 /* AppDelegate.swift */; };
		D427A75A1D4948B600229B59 /* ViewController.swift in Sources */ = {isa = PBXBuildFile; fileRef = D427A7591D4948B600229B59 /* ViewController.swift */; };
		D427A75D1D4948B600229B59 /* Main.storyboard in Resources */ = {isa = PBXBuildFile; fileRef = D427A75B1D4948B600229B59 /* Main.storyboard */; };
		D427A75F1D4948B700229B59 /* Assets.xcassets in Resources */ = {isa = PBXBuildFile; fileRef = D427A75E1D4948B700229B59 /* Assets.xcassets */; };
		D427A7621D4948B700229B59 /* LaunchScreen.storyboard in Resources */ = {isa = PBXBuildFile; fileRef = D427A7601D4948B700229B59 /* LaunchScreen.storyboard */; };
		D427A76A1D494B9F00229B59 /* 03flags.plist in Resources */ = {isa = PBXBuildFile; fileRef = D427A7691D494B9F00229B59 /* 03flags.plist */; };
		D427A7711D494D0F00229B59 /* FlagModel.swift in Sources */ = {isa = PBXBuildFile; fileRef = D427A7701D494D0F00229B59 /* FlagModel.swift */; };
		D427A7751D4954DF00229B59 /* FlagView.swift in Sources */ = {isa = PBXBuildFile; fileRef = D427A7741D4954DF00229B59 /* FlagView.swift */; };
		D427A7771D4954F900229B59 /* FlagView.xib in Resources */ = {isa = PBXBuildFile; fileRef = D427A7761D4954F900229B59 /* FlagView.xib */; };
/* End PBXBuildFile section */

/* Begin PBXFileReference section */
		D427A7541D4948B600229B59 /* 国旗选择.app */ = {isa = PBXFileReference; explicitFileType = wrapper.application; includeInIndex = 0; path = "国旗选择.app"; sourceTree = BUILT_PRODUCTS_DIR; };
		D427A7571D4948B600229B59 /* AppDelegate.swift */ = {isa = PBXFileReference; lastKnownFileType = sourcecode.swift; path = AppDelegate.swift; sourceTree = "<group>"; };
		D427A7591D4948B600229B59 /* ViewController.swift */ = {isa = PBXFileReference; lastKnownFileType = sourcecode.swift; path = ViewController.swift; sourceTree = "<group>"; };
		D427A75C1D4948B600229B59 /* Base */ = {isa = PBXFileReference; lastKnownFileType = file.storyboard; name = Base; path = Base.lproj/Main.storyboard; sourceTree = "<group>"; };
		D427A75E1D4948B700229B59 /* Assets.xcassets */ = {isa = PBXFileReference; lastKnownFileType = folder.assetcatalog; path = Assets.xcassets; sourceTree = "<group>"; };
		D427A7611D4948B700229B59 /* Base */ = {isa = PBXFileReference; lastKnownFileType = file.storyboard; name = Base; path = Base.lproj/LaunchScreen.storyboard; sourceTree = "<group>"; };
		D427A7631D4948B700229B59 /* Info.plist */ = {isa = PBXFileReference; lastKnownFileType = text.plist.xml; path = Info.plist; sourceTree = "<group>"; };
		D427A7691D494B9F00229B59 /* 03flags.plist */ = {isa = PBXFileReference; fileEncoding = 4; lastKnownFileType = text.plist.xml; path = 03flags.plist; sourceTree = "<group>"; };
		D427A7701D494D0F00229B59 /* FlagModel.swift */ = {isa = PBXFileReference; fileEncoding = 4; lastKnownFileType = sourcecode.swift; path = FlagModel.swift; sourceTree = "<group>"; };
		D427A7741D4954DF00229B59 /* FlagView.swift */ = {isa = PBXFileReference; fileEncoding = 4; lastKnownFileType = sourcecode.swift; path = FlagView.swift; sourceTree = "<group>"; };
		D427A7761D4954F900229B59 /* FlagView.xib */ = {isa = PBXFileReference; fileEncoding = 4; lastKnownFileType = file.xib; path = FlagView.xib; sourceTree = "<group>"; };
/* End PBXFileReference section */

/* Begin PBXFrameworksBuildPhase section */
		D427A7511D4948B600229B59 /* Frameworks */ = {
			isa = PBXFrameworksBuildPhase;
			buildActionMask = 2147483647;
			files = (
			);
			runOnlyForDeploymentPostprocessing = 0;
		};
/* End PBXFrameworksBuildPhase section */

/* Begin PBXGroup section */
		D427A74B1D4948B600229B59 = {
			isa = PBXGroup;
			children = (
				D427A7561D4948B600229B59 /* 国旗选择 */,
				D427A7551D4948B600229B59 /* Products */,
			);
			sourceTree = "<group>";
		};
		D427A7551D4948B600229B59 /* Products */ = {
			isa = PBXGroup;
			children = (
				D427A7541D4948B600229B59 /* 国旗选择.app */,
			);
			name = Products;
			sourceTree = "<group>";
		};
		D427A7561D4948B600229B59 /* 国旗选择 */ = {
			isa = PBXGroup;
			children = (
				D427A76F1D494BDF00229B59 /* Other */,
				D427A76E1D494BDA00229B59 /* View */,
				D427A76D1D494BD400229B59 /* Model */,
				D427A76B1D494BBC00229B59 /* Controller */,
			);
			path = "国旗选择";
			sourceTree = "<group>";
		};
		D427A76B1D494BBC00229B59 /* Controller */ = {
			isa = PBXGroup;
			children = (
				D427A7591D4948B600229B59 /* ViewController.swift */,
				D427A75B1D4948B600229B59 /* Main.storyboard */,
			);
			name = Controller;
			sourceTree = "<group>";
		};
		D427A76D1D494BD400229B59 /* Model */ = {
			isa = PBXGroup;
			children = (
				D427A7701D494D0F00229B59 /* FlagModel.swift */,
			);
			name = Model;
			sourceTree = "<group>";
		};
		D427A76E1D494BDA00229B59 /* View */ = {
			isa = PBXGroup;
			children = (
				D427A7741D4954DF00229B59 /* FlagView.swift */,
				D427A7761D4954F900229B59 /* FlagView.xib */,
			);
			name = View;
			sourceTree = "<group>";
		};
		D427A76F1D494BDF00229B59 /* Other */ = {
			isa = PBXGroup;
			children = (
				D427A7571D4948B600229B59 /* AppDelegate.swift */,
				D427A75E1D4948B700229B59 /* Assets.xcassets */,
				D427A7601D4948B700229B59 /* LaunchScreen.storyboard */,
				D427A7691D494B9F00229B59 /* 03flags.plist */,
				D427A7631D4948B700229B59 /* Info.plist */,
			);
			name = Other;
			sourceTree = "<group>";
		};
/* End PBXGroup section */

/* Begin PBXNativeTarget section */
		D427A7531D4948B600229B59 /* 国旗选择 */ = {
			isa = PBXNativeTarget;
			buildConfigurationList = D427A7661D4948B700229B59 /* Build configuration list for PBXNativeTarget "国旗选择" */;
			buildPhases = (
				D427A7501D4948B600229B59 /* Sources */,
				D427A7511D4948B600229B59 /* Frameworks */,
				D427A7521D4948B600229B59 /* Resources */,
			);
			buildRules = (
			);
			dependencies = (
			);
			name = "国旗选择";
			productName = "国旗选择";
			productReference = D427A7541D4948B600229B59 /* 国旗选择.app */;
			productType = "com.apple.product-type.application";
		};
/* End PBXNativeTarget section */

/* Begin PBXProject section */
		D427A74C1D4948B600229B59 /* Project object */ = {
			isa = PBXProject;
			attributes = {
				LastSwiftUpdateCheck = 0730;
				LastUpgradeCheck = 0730;
				ORGANIZATIONNAME = "Lei Zhao";
				TargetAttributes = {
					D427A7531D4948B600229B59 = {
						CreatedOnToolsVersion = 7.3.1;
						DevelopmentTeam = ZQNTYXCS7L;
						LastSwiftMigration = 0820;
					};
				};
			};
			buildConfigurationList = D427A74F1D4948B600229B59 /* Build configuration list for PBXProject "国旗选择" */;
			compatibilityVersion = "Xcode 3.2";
			developmentRegion = English;
			hasScannedForEncodings = 0;
			knownRegions = (
				en,
				Base,
			);
			mainGroup = D427A74B1D4948B600229B59;
			productRefGroup = D427A7551D4948B600229B59 /* Products */;
			projectDirPath = "";
			projectRoot = "";
			targets = (
				D427A7531D4948B600229B59 /* 国旗选择 */,
			);
		};
/* End PBXProject section */

/* Begin PBXResourcesBuildPhase section */
		D427A7521D4948B600229B59 /* Resources */ = {
			isa = PBXResourcesBuildPhase;
			buildActionMask = 2147483647;
			files = (
				D427A7621D4948B700229B59 /* LaunchScreen.storyboard in Resources */,
				D427A75F1D4948B700229B59 /* Assets.xcassets in Resources */,
				D427A7771D4954F900229B59 /* FlagView.xib in Resources */,
				D427A75D1D4948B600229B59 /* Main.storyboard in Resources */,
				D427A76A1D494B9F00229B59 /* 03flags.plist in Resources */,
			);
			runOnlyForDeploymentPostprocessing = 0;
		};
/* End PBXResourcesBuildPhase section */

/* Begin PBXSourcesBuildPhase section */
		D427A7501D4948B600229B59 /* Sources */ = {
			isa = PBXSourcesBuildPhase;
			buildActionMask = 2147483647;
			files = (
				D427A7711D494D0F00229B59 /* FlagModel.swift in Sources */,
				D427A75A1D4948B600229B59 /* ViewController.swift in Sources */,
				D427A7751D4954DF00229B59 /* FlagView.swift in Sources */,
				D427A7581D4948B600229B59 /* AppDelegate.swift in Sources */,
			);
			runOnlyForDeploymentPostprocessing = 0;
		};
/* End PBXSourcesBuildPhase section */

/* Begin PBXVariantGroup section */
		D427A75B1D4948B600229B59 /* Main.storyboard */ = {
			isa = PBXVariantGroup;
			children = (
				D427A75C1D4948B600229B59 /* Base */,
			);
			name = Main.storyboard;
			sourceTree = "<group>";
		};
		D427A7601D4948B700229B59 /* LaunchScreen.storyboard */ = {
			isa = PBXVariantGroup;
			children = (
				D427A7611D4948B700229B59 /* Base */,
			);
			name = LaunchScreen.storyboard;
			sourceTree = "<group>";
		};
/* End PBXVariantGroup section */

/* Begin XCBuildConfiguration section */
		D427A7641D4948B700229B59 /* Debug */ = {
			isa = XCBuildConfiguration;
			buildSettings = {
				ALWAYS_SEARCH_USER_PATHS = NO;
				CLANG_ANALYZER_NONNULL = YES;
				CLANG_CXX_LANGUAGE_STANDARD = "gnu++0x";
				CLANG_CXX_LIBRARY = "libc++";
				CLANG_ENABLE_MODULES = YES;
				CLANG_ENABLE_OBJC_ARC = YES;
				CLANG_WARN_BOOL_CONVERSION = YES;
				CLANG_WARN_CONSTANT_CONVERSION = YES;
				CLANG_WARN_DIRECT_OBJC_ISA_USAGE = YES_ERROR;
				CLANG_WARN_EMPTY_BODY = YES;
				CLANG_WARN_ENUM_CONVERSION = YES;
				CLANG_WARN_INT_CONVERSION = YES;
				CLANG_WARN_OBJC_ROOT_CLASS = YES_ERROR;
				CLANG_WARN_UNREACHABLE_CODE = YES;
				CLANG_WARN__DUPLICATE_METHOD_MATCH = YES;
				"CODE_SIGN_IDENTITY[sdk=iphoneos*]" = "iPhone Developer";
				COPY_PHASE_STRIP = NO;
				DEBUG_INFORMATION_FORMAT = dwarf;
				ENABLE_STRICT_OBJC_MSGSEND = YES;
				ENABLE_TESTABILITY = YES;
				GCC_C_LANGUAGE_STANDARD = gnu99;
				GCC_DYNAMIC_NO_PIC = NO;
				GCC_NO_COMMON_BLOCKS = YES;
				GCC_OPTIMIZATION_LEVEL = 0;
				GCC_PREPROCESSOR_DEFINITIONS = (
					"DEBUG=1",
					"$(inherited)",
				);
				GCC_WARN_64_TO_32_BIT_CONVERSION = YES;
				GCC_WARN_ABOUT_RETURN_TYPE = YES_ERROR;
				GCC_WARN_UNDECLARED_SELECTOR = YES;
				GCC_WARN_UNINITIALIZED_AUTOS = YES_AGGRESSIVE;
				GCC_WARN_UNUSED_FUNCTION = YES;
				GCC_WARN_UNUSED_VARIABLE = YES;
				IPHONEOS_DEPLOYMENT_TARGET = 9.3;
				MTL_ENABLE_DEBUG_INFO = YES;
				ONLY_ACTIVE_ARCH = YES;
				SDKROOT = iphoneos;
				SWIFT_OPTIMIZATION_LEVEL = "-Onone";
				TARGETED_DEVICE_FAMILY = "1,2";
			};
			name = Debug;
		};
		D427A7651D4948B700229B59 /* Release */ = {
			isa = XCBuildConfiguration;
			buildSettings = {
				ALWAYS_SEARCH_USER_PATHS = NO;
				CLANG_ANALYZER_NONNULL = YES;
				CLANG_CXX_LANGUAGE_STANDARD = "gnu++0x";
				CLANG_CXX_LIBRARY = "libc++";
				CLANG_ENABLE_MODULES = YES;
				CLANG_ENABLE_OBJC_ARC = YES;
				CLANG_WARN_BOOL_CONVERSION = YES;
				CLANG_WARN_CONSTANT_CONVERSION = YES;
				CLANG_WARN_DIRECT_OBJC_ISA_USAGE = YES_ERROR;
				CLANG_WARN_EMPTY_BODY = YES;
				CLANG_WARN_ENUM_CONVERSION = YES;
				CLANG_WARN_INT_CONVERSION = YES;
				CLANG_WARN_OBJC_ROOT_CLASS = YES_ERROR;
				CLANG_WARN_UNREACHABLE_CODE = YES;
				CLANG_WARN__DUPLICATE_METHOD_MATCH = YES;
				"CODE_SIGN_IDENTITY[sdk=iphoneos*]" = "iPhone Developer";
				COPY_PHASE_STRIP = NO;
				DEBUG_INFORMATION_FORMAT = "dwarf-with-dsym";
				ENABLE_NS_ASSERTIONS = NO;
				ENABLE_STRICT_OBJC_MSGSEND = YES;
				GCC_C_LANGUAGE_STANDARD = gnu99;
				GCC_NO_COMMON_BLOCKS = YES;
				GCC_WARN_64_TO_32_BIT_CONVERSION = YES;
				GCC_WARN_ABOUT_RETURN_TYPE = YES_ERROR;
				GCC_WARN_UNDECLARED_SELECTOR = YES;
				GCC_WARN_UNINITIALIZED_AUTOS = YES_AGGRESSIVE;
				GCC_WARN_UNUSED_FUNCTION = YES;
				GCC_WARN_UNUSED_VARIABLE = YES;
				IPHONEOS_DEPLOYMENT_TARGET = 9.3;
				MTL_ENABLE_DEBUG_INFO = NO;
				SDKROOT = iphoneos;
				TARGETED_DEVICE_FAMILY = "1,2";
				VALIDATE_PRODUCT = YES;
			};
			name = Release;
		};
		D427A7671D4948B700229B59 /* Debug */ = {
			isa = XCBuildConfiguration;
			buildSettings = {
				ASSETCATALOG_COMPILER_APPICON_NAME = AppIcon;
				INFOPLIST_FILE = "国旗选择/Info.plist";
				LD_RUNPATH_SEARCH_PATHS = "$(inherited) @executable_path/Frameworks";
				PRODUCT_BUNDLE_IDENTIFIER = "lzhao.exercise.----";
				PRODUCT_NAME = "$(TARGET_NAME)";
				SWIFT_VERSION = 3.0;
			};
			name = Debug;
		};
		D427A7681D4948B700229B59 /* Release */ = {
			isa = XCBuildConfiguration;
			buildSettings = {
				ASSETCATALOG_COMPILER_APPICON_NAME = AppIcon;
				INFOPLIST_FILE = "国旗选择/Info.plist";
				LD_RUNPATH_SEARCH_PATHS = "$(inherited) @executable_path/Frameworks";
				PRODUCT_BUNDLE_IDENTIFIER = "lzhao.exercise.----";
				PRODUCT_NAME = "$(TARGET_NAME)";
				SWIFT_VERSION = 3.0;
			};
			name = Release;
		};
/* End XCBuildConfiguration section */

/* Begin XCConfigurationList section */
		D427A74F1D4948B600229B59 /* Build configuration list for PBXProject "国旗选择" */ = {
			isa = XCConfigurationList;
			buildConfigurations = (
				D427A7641D4948B700229B59 /* Debug */,
				D427A7651D4948B700229B59 /* Release */,
			);
			defaultConfigurationIsVisible = 0;
			defaultConfigurationName = Release;
		};
		D427A7661D4948B700229B59 /* Build configuration list for PBXNativeTarget "国旗选择" */ = {
			isa = XCConfigurationList;
			buildConfigurations = (
				D427A7671D4948B700229B59 /* Debug */,
				D427A7681D4948B700229B59 /* Release */,
			);
			defaultConfigurationIsVisible = 0;
			defaultConfigurationName = Release;
		};
/* End XCConfigurationList section */
	};
	rootObject = D427A74C1D4948B600229B59 /* Project object */;
}
